// !$*UTF8*$!
{
	archiveVersion = 1;
	classes = {
	};
	objectVersion = 55;
	objects = {

/* Begin PBXBuildFile section */
		2C6D306727C2CCFC004ECBDE /* AppDelegate.swift in Sources */ = {isa = PBXBuildFile; fileRef = 2C6D306627C2CCFC004ECBDE /* AppDelegate.swift */; };
		2C6D306927C2CCFC004ECBDE /* GameViewController.swift in Sources */ = {isa = PBXBuildFile; fileRef = 2C6D306827C2CCFC004ECBDE /* GameViewController.swift */; };
		2C6D306C27C2CCFC004ECBDE /* Main.storyboard in Resources */ = {isa = PBXBuildFile; fileRef = 2C6D306A27C2CCFC004ECBDE /* Main.storyboard */; };
		2C6D306F27C2CCFC004ECBDE /* LaunchScreen.storyboard in Resources */ = {isa = PBXBuildFile; fileRef = 2C6D306D27C2CCFC004ECBDE /* LaunchScreen.storyboard */; };
		2C6D307327C2CCFD004ECBDE /* GameOfLife.app in Embed Watch Content */ = {isa = PBXBuildFile; fileRef = 2C6D307227C2CCFD004ECBDE /* GameOfLife.app */; settings = {ATTRIBUTES = (RemoveHeadersOnCopy, ); }; };
		2C6D307927C2CCFD004ECBDE /* Interface.storyboard in Resources */ = {isa = PBXBuildFile; fileRef = 2C6D307727C2CCFD004ECBDE /* Interface.storyboard */; };
		2C6D307F27C2CCFD004ECBDE /* GameOfLife Extension.appex in Embed App Extensions */ = {isa = PBXBuildFile; fileRef = 2C6D307E27C2CCFD004ECBDE /* GameOfLife Extension.appex */; settings = {ATTRIBUTES = (RemoveHeadersOnCopy, ); }; };
		2C6D308427C2CCFD004ECBDE /* InterfaceController.swift in Sources */ = {isa = PBXBuildFile; fileRef = 2C6D308327C2CCFD004ECBDE /* InterfaceController.swift */; };
		2C6D308627C2CCFD004ECBDE /* ExtensionDelegate.swift in Sources */ = {isa = PBXBuildFile; fileRef = 2C6D308527C2CCFD004ECBDE /* ExtensionDelegate.swift */; };
		2C6D308F27C2CCFD004ECBDE /* AppDelegate.swift in Sources */ = {isa = PBXBuildFile; fileRef = 2C6D308E27C2CCFD004ECBDE /* AppDelegate.swift */; };
		2C6D309127C2CCFD004ECBDE /* GameViewController.swift in Sources */ = {isa = PBXBuildFile; fileRef = 2C6D309027C2CCFD004ECBDE /* GameViewController.swift */; };
		2C6D309427C2CCFD004ECBDE /* Main.storyboard in Resources */ = {isa = PBXBuildFile; fileRef = 2C6D309227C2CCFD004ECBDE /* Main.storyboard */; };
		2C6D309727C2CCFD004ECBDE /* LaunchScreen.storyboard in Resources */ = {isa = PBXBuildFile; fileRef = 2C6D309527C2CCFD004ECBDE /* LaunchScreen.storyboard */; };
		2C6D309F27C2CCFD004ECBDE /* AppDelegate.swift in Sources */ = {isa = PBXBuildFile; fileRef = 2C6D309E27C2CCFD004ECBDE /* AppDelegate.swift */; };
		2C6D30A127C2CCFD004ECBDE /* GameViewController.swift in Sources */ = {isa = PBXBuildFile; fileRef = 2C6D30A027C2CCFD004ECBDE /* GameViewController.swift */; };
		2C6D30A427C2CCFD004ECBDE /* Main.storyboard in Resources */ = {isa = PBXBuildFile; fileRef = 2C6D30A227C2CCFD004ECBDE /* Main.storyboard */; };
		2C6D30A627C2CCFD004ECBDE /* Actions.sks in Resources */ = {isa = PBXBuildFile; fileRef = 2C6D305B27C2CCEB004ECBDE /* Actions.sks */; };
		2C6D30A727C2CCFD004ECBDE /* Actions.sks in Resources */ = {isa = PBXBuildFile; fileRef = 2C6D305B27C2CCEB004ECBDE /* Actions.sks */; };
		2C6D30A827C2CCFD004ECBDE /* Actions.sks in Resources */ = {isa = PBXBuildFile; fileRef = 2C6D305B27C2CCEB004ECBDE /* Actions.sks */; };
		2C6D30A927C2CCFD004ECBDE /* GameScene.sks in Resources */ = {isa = PBXBuildFile; fileRef = 2C6D305C27C2CCEB004ECBDE /* GameScene.sks */; };
		2C6D30AA27C2CCFD004ECBDE /* GameScene.sks in Resources */ = {isa = PBXBuildFile; fileRef = 2C6D305C27C2CCEB004ECBDE /* GameScene.sks */; };
		2C6D30AB27C2CCFD004ECBDE /* GameScene.sks in Resources */ = {isa = PBXBuildFile; fileRef = 2C6D305C27C2CCEB004ECBDE /* GameScene.sks */; };
		2C6D30AC27C2CCFD004ECBDE /* GameScene.sks in Resources */ = {isa = PBXBuildFile; fileRef = 2C6D305C27C2CCEB004ECBDE /* GameScene.sks */; };
		2C6D30AD27C2CCFD004ECBDE /* GameScene.swift in Sources */ = {isa = PBXBuildFile; fileRef = 2C6D305D27C2CCEB004ECBDE /* GameScene.swift */; };
		2C6D30AE27C2CCFD004ECBDE /* GameScene.swift in Sources */ = {isa = PBXBuildFile; fileRef = 2C6D305D27C2CCEB004ECBDE /* GameScene.swift */; };
		2C6D30AF27C2CCFD004ECBDE /* GameScene.swift in Sources */ = {isa = PBXBuildFile; fileRef = 2C6D305D27C2CCEB004ECBDE /* GameScene.swift */; };
		2C6D30B027C2CCFD004ECBDE /* GameScene.swift in Sources */ = {isa = PBXBuildFile; fileRef = 2C6D305D27C2CCEB004ECBDE /* GameScene.swift */; };
		2C6D30B127C2CCFD004ECBDE /* Assets.xcassets in Resources */ = {isa = PBXBuildFile; fileRef = 2C6D305E27C2CCFC004ECBDE /* Assets.xcassets */; };
		2C6D30B227C2CCFD004ECBDE /* Assets.xcassets in Resources */ = {isa = PBXBuildFile; fileRef = 2C6D305E27C2CCFC004ECBDE /* Assets.xcassets */; };
		2C6D30B327C2CCFD004ECBDE /* Assets.xcassets in Resources */ = {isa = PBXBuildFile; fileRef = 2C6D305E27C2CCFC004ECBDE /* Assets.xcassets */; };
		2C6D30B427C2CCFD004ECBDE /* Assets.xcassets in Resources */ = {isa = PBXBuildFile; fileRef = 2C6D305E27C2CCFC004ECBDE /* Assets.xcassets */; };
/* End PBXBuildFile section */

/* Begin PBXContainerItemProxy section */
		2C6D307427C2CCFD004ECBDE /* PBXContainerItemProxy */ = {
			isa = PBXContainerItemProxy;
			containerPortal = 2C6D305627C2CCEB004ECBDE /* Project object */;
			proxyType = 1;
			remoteGlobalIDString = 2C6D307127C2CCFD004ECBDE;
			remoteInfo = "GameOfLife watchOS App";
		};
		2C6D308027C2CCFD004ECBDE /* PBXContainerItemProxy */ = {
			isa = PBXContainerItemProxy;
			containerPortal = 2C6D305627C2CCEB004ECBDE /* Project object */;
			proxyType = 1;
			remoteGlobalIDString = 2C6D307D27C2CCFD004ECBDE;
			remoteInfo = "GameOfLife watchOS App Extension";
		};
/* End PBXContainerItemProxy section */

/* Begin PBXCopyFilesBuildPhase section */
		2C6D30BA27C2CCFD004ECBDE /* Embed App Extensions */ = {
			isa = PBXCopyFilesBuildPhase;
			buildActionMask = 2147483647;
			dstPath = "";
			dstSubfolderSpec = 13;
			files = (
				2C6D307F27C2CCFD004ECBDE /* GameOfLife Extension.appex in Embed App Extensions */,
			);
			name = "Embed App Extensions";
			runOnlyForDeploymentPostprocessing = 0;
		};
		2C6D30BE27C2CCFD004ECBDE /* Embed Watch Content */ = {
			isa = PBXCopyFilesBuildPhase;
			buildActionMask = 2147483647;
			dstPath = "$(CONTENTS_FOLDER_PATH)/Watch";
			dstSubfolderSpec = 16;
			files = (
				2C6D307327C2CCFD004ECBDE /* GameOfLife.app in Embed Watch Content */,
			);
			name = "Embed Watch Content";
			runOnlyForDeploymentPostprocessing = 0;
		};
/* End PBXCopyFilesBuildPhase section */

/* Begin PBXFileReference section */
		2C6D305B27C2CCEB004ECBDE /* Actions.sks */ = {isa = PBXFileReference; lastKnownFileType = file.sks; path = Actions.sks; sourceTree = "<group>"; };
		2C6D305C27C2CCEB004ECBDE /* GameScene.sks */ = {isa = PBXFileReference; lastKnownFileType = file.sks; path = GameScene.sks; sourceTree = "<group>"; };
		2C6D305D27C2CCEB004ECBDE /* GameScene.swift */ = {isa = PBXFileReference; lastKnownFileType = sourcecode.swift; path = GameScene.swift; sourceTree = "<group>"; };
		2C6D305E27C2CCFC004ECBDE /* Assets.xcassets */ = {isa = PBXFileReference; lastKnownFileType = folder.assetcatalog; path = Assets.xcassets; sourceTree = "<group>"; };
		2C6D306327C2CCFC004ECBDE /* GameOfLife.app */ = {isa = PBXFileReference; explicitFileType = wrapper.application; includeInIndex = 0; path = GameOfLife.app; sourceTree = BUILT_PRODUCTS_DIR; };
		2C6D306627C2CCFC004ECBDE /* AppDelegate.swift */ = {isa = PBXFileReference; lastKnownFileType = sourcecode.swift; path = AppDelegate.swift; sourceTree = "<group>"; };
		2C6D306827C2CCFC004ECBDE /* GameViewController.swift */ = {isa = PBXFileReference; lastKnownFileType = sourcecode.swift; path = GameViewController.swift; sourceTree = "<group>"; };
		2C6D306B27C2CCFC004ECBDE /* Base */ = {isa = PBXFileReference; lastKnownFileType = file.storyboard; name = Base; path = Base.lproj/Main.storyboard; sourceTree = "<group>"; };
		2C6D306E27C2CCFC004ECBDE /* Base */ = {isa = PBXFileReference; lastKnownFileType = file.storyboard; name = Base; path = Base.lproj/LaunchScreen.storyboard; sourceTree = "<group>"; };
		2C6D307227C2CCFD004ECBDE /* GameOfLife.app */ = {isa = PBXFileReference; explicitFileType = wrapper.application; includeInIndex = 0; path = GameOfLife.app; sourceTree = BUILT_PRODUCTS_DIR; };
		2C6D307827C2CCFD004ECBDE /* Base */ = {isa = PBXFileReference; lastKnownFileType = file.storyboard; name = Base; path = Base.lproj/Interface.storyboard; sourceTree = "<group>"; };
		2C6D307E27C2CCFD004ECBDE /* GameOfLife Extension.appex */ = {isa = PBXFileReference; explicitFileType = "wrapper.app-extension"; includeInIndex = 0; path = "GameOfLife Extension.appex"; sourceTree = BUILT_PRODUCTS_DIR; };
		2C6D308327C2CCFD004ECBDE /* InterfaceController.swift */ = {isa = PBXFileReference; lastKnownFileType = sourcecode.swift; path = InterfaceController.swift; sourceTree = "<group>"; };
		2C6D308527C2CCFD004ECBDE /* ExtensionDelegate.swift */ = {isa = PBXFileReference; lastKnownFileType = sourcecode.swift; path = ExtensionDelegate.swift; sourceTree = "<group>"; };
		2C6D308727C2CCFD004ECBDE /* Info.plist */ = {isa = PBXFileReference; lastKnownFileType = text.plist.xml; path = Info.plist; sourceTree = "<group>"; };
		2C6D308C27C2CCFD004ECBDE /* GameOfLife.app */ = {isa = PBXFileReference; explicitFileType = wrapper.application; includeInIndex = 0; path = GameOfLife.app; sourceTree = BUILT_PRODUCTS_DIR; };
		2C6D308E27C2CCFD004ECBDE /* AppDelegate.swift */ = {isa = PBXFileReference; lastKnownFileType = sourcecode.swift; path = AppDelegate.swift; sourceTree = "<group>"; };
		2C6D309027C2CCFD004ECBDE /* GameViewController.swift */ = {isa = PBXFileReference; lastKnownFileType = sourcecode.swift; path = GameViewController.swift; sourceTree = "<group>"; };
		2C6D309327C2CCFD004ECBDE /* Base */ = {isa = PBXFileReference; lastKnownFileType = file.storyboard; name = Base; path = Base.lproj/Main.storyboard; sourceTree = "<group>"; };
		2C6D309627C2CCFD004ECBDE /* Base */ = {isa = PBXFileReference; lastKnownFileType = file.storyboard; name = Base; path = Base.lproj/LaunchScreen.storyboard; sourceTree = "<group>"; };
		2C6D309C27C2CCFD004ECBDE /* GameOfLife.app */ = {isa = PBXFileReference; explicitFileType = wrapper.application; includeInIndex = 0; path = GameOfLife.app; sourceTree = BUILT_PRODUCTS_DIR; };
		2C6D309E27C2CCFD004ECBDE /* AppDelegate.swift */ = {isa = PBXFileReference; lastKnownFileType = sourcecode.swift; path = AppDelegate.swift; sourceTree = "<group>"; };
		2C6D30A027C2CCFD004ECBDE /* GameViewController.swift */ = {isa = PBXFileReference; lastKnownFileType = sourcecode.swift; path = GameViewController.swift; sourceTree = "<group>"; };
		2C6D30A327C2CCFD004ECBDE /* Base */ = {isa = PBXFileReference; lastKnownFileType = file.storyboard; name = Base; path = Base.lproj/Main.storyboard; sourceTree = "<group>"; };
		2C6D30A527C2CCFD004ECBDE /* GameOfLife_macOS.entitlements */ = {isa = PBXFileReference; lastKnownFileType = text.plist.entitlements; path = GameOfLife_macOS.entitlements; sourceTree = "<group>"; };
/* End PBXFileReference section */

/* Begin PBXFrameworksBuildPhase section */
		2C6D306027C2CCFC004ECBDE /* Frameworks */ = {
			isa = PBXFrameworksBuildPhase;
			buildActionMask = 2147483647;
			files = (
			);
			runOnlyForDeploymentPostprocessing = 0;
		};
		2C6D307B27C2CCFD004ECBDE /* Frameworks */ = {
			isa = PBXFrameworksBuildPhase;
			buildActionMask = 2147483647;
			files = (
			);
			runOnlyForDeploymentPostprocessing = 0;
		};
		2C6D308927C2CCFD004ECBDE /* Frameworks */ = {
			isa = PBXFrameworksBuildPhase;
			buildActionMask = 2147483647;
			files = (
			);
			runOnlyForDeploymentPostprocessing = 0;
		};
		2C6D309927C2CCFD004ECBDE /* Frameworks */ = {
			isa = PBXFrameworksBuildPhase;
			buildActionMask = 2147483647;
			files = (
			);
			runOnlyForDeploymentPostprocessing = 0;
		};
/* End PBXFrameworksBuildPhase section */

/* Begin PBXGroup section */
		2C6D305527C2CCEB004ECBDE = {
			isa = PBXGroup;
			children = (
				2C6D305A27C2CCEB004ECBDE /* GameOfLife Shared */,
				2C6D306527C2CCFC004ECBDE /* GameOfLife iOS */,
				2C6D307627C2CCFD004ECBDE /* GameOfLife watchOS App */,
				2C6D308227C2CCFD004ECBDE /* GameOfLife watchOS App Extension */,
				2C6D308D27C2CCFD004ECBDE /* GameOfLife tvOS */,
				2C6D309D27C2CCFD004ECBDE /* GameOfLife macOS */,
				2C6D306427C2CCFC004ECBDE /* Products */,
			);
			sourceTree = "<group>";
		};
		2C6D305A27C2CCEB004ECBDE /* GameOfLife Shared */ = {
			isa = PBXGroup;
			children = (
				2C6D305B27C2CCEB004ECBDE /* Actions.sks */,
				2C6D305C27C2CCEB004ECBDE /* GameScene.sks */,
				2C6D305D27C2CCEB004ECBDE /* GameScene.swift */,
				2C6D305E27C2CCFC004ECBDE /* Assets.xcassets */,
			);
			path = "GameOfLife Shared";
			sourceTree = "<group>";
		};
		2C6D306427C2CCFC004ECBDE /* Products */ = {
			isa = PBXGroup;
			children = (
				2C6D306327C2CCFC004ECBDE /* GameOfLife.app */,
				2C6D307227C2CCFD004ECBDE /* GameOfLife.app */,
				2C6D307E27C2CCFD004ECBDE /* GameOfLife Extension.appex */,
				2C6D308C27C2CCFD004ECBDE /* GameOfLife.app */,
				2C6D309C27C2CCFD004ECBDE /* GameOfLife.app */,
			);
			name = Products;
			sourceTree = "<group>";
		};
		2C6D306527C2CCFC004ECBDE /* GameOfLife iOS */ = {
			isa = PBXGroup;
			children = (
				2C6D306627C2CCFC004ECBDE /* AppDelegate.swift */,
				2C6D306827C2CCFC004ECBDE /* GameViewController.swift */,
				2C6D306A27C2CCFC004ECBDE /* Main.storyboard */,
				2C6D306D27C2CCFC004ECBDE /* LaunchScreen.storyboard */,
			);
			path = "GameOfLife iOS";
			sourceTree = "<group>";
		};
		2C6D307627C2CCFD004ECBDE /* GameOfLife watchOS App */ = {
			isa = PBXGroup;
			children = (
				2C6D307727C2CCFD004ECBDE /* Interface.storyboard */,
			);
			path = "GameOfLife watchOS App";
			sourceTree = "<group>";
		};
		2C6D308227C2CCFD004ECBDE /* GameOfLife watchOS App Extension */ = {
			isa = PBXGroup;
			children = (
				2C6D308327C2CCFD004ECBDE /* InterfaceController.swift */,
				2C6D308527C2CCFD004ECBDE /* ExtensionDelegate.swift */,
				2C6D308727C2CCFD004ECBDE /* Info.plist */,
			);
			path = "GameOfLife watchOS App Extension";
			sourceTree = "<group>";
		};
		2C6D308D27C2CCFD004ECBDE /* GameOfLife tvOS */ = {
			isa = PBXGroup;
			children = (
				2C6D308E27C2CCFD004ECBDE /* AppDelegate.swift */,
				2C6D309027C2CCFD004ECBDE /* GameViewController.swift */,
				2C6D309227C2CCFD004ECBDE /* Main.storyboard */,
				2C6D309527C2CCFD004ECBDE /* LaunchScreen.storyboard */,
			);
			path = "GameOfLife tvOS";
			sourceTree = "<group>";
		};
		2C6D309D27C2CCFD004ECBDE /* GameOfLife macOS */ = {
			isa = PBXGroup;
			children = (
				2C6D309E27C2CCFD004ECBDE /* AppDelegate.swift */,
				2C6D30A027C2CCFD004ECBDE /* GameViewController.swift */,
				2C6D30A227C2CCFD004ECBDE /* Main.storyboard */,
				2C6D30A527C2CCFD004ECBDE /* GameOfLife_macOS.entitlements */,
			);
			path = "GameOfLife macOS";
			sourceTree = "<group>";
		};
/* End PBXGroup section */

/* Begin PBXNativeTarget section */
		2C6D306227C2CCFC004ECBDE /* GameOfLife iOS */ = {
			isa = PBXNativeTarget;
			buildConfigurationList = 2C6D30BF27C2CCFD004ECBDE /* Build configuration list for PBXNativeTarget "GameOfLife iOS" */;
			buildPhases = (
				2C6D305F27C2CCFC004ECBDE /* Sources */,
				2C6D306027C2CCFC004ECBDE /* Frameworks */,
				2C6D306127C2CCFC004ECBDE /* Resources */,
				2C6D30BE27C2CCFD004ECBDE /* Embed Watch Content */,
			);
			buildRules = (
			);
			dependencies = (
				2C6D307527C2CCFD004ECBDE /* PBXTargetDependency */,
			);
			name = "GameOfLife iOS";
			productName = "GameOfLife iOS";
			productReference = 2C6D306327C2CCFC004ECBDE /* GameOfLife.app */;
			productType = "com.apple.product-type.application";
		};
		2C6D307127C2CCFD004ECBDE /* GameOfLife watchOS App */ = {
			isa = PBXNativeTarget;
			buildConfigurationList = 2C6D30BB27C2CCFD004ECBDE /* Build configuration list for PBXNativeTarget "GameOfLife watchOS App" */;
			buildPhases = (
				2C6D307027C2CCFD004ECBDE /* Resources */,
				2C6D30BA27C2CCFD004ECBDE /* Embed App Extensions */,
			);
			buildRules = (
			);
			dependencies = (
				2C6D308127C2CCFD004ECBDE /* PBXTargetDependency */,
			);
			name = "GameOfLife watchOS App";
			productName = "GameOfLife watchOS App";
			productReference = 2C6D307227C2CCFD004ECBDE /* GameOfLife.app */;
			productType = "com.apple.product-type.application.watchapp2";
		};
		2C6D307D27C2CCFD004ECBDE /* GameOfLife watchOS App Extension */ = {
			isa = PBXNativeTarget;
			buildConfigurationList = 2C6D30B727C2CCFD004ECBDE /* Build configuration list for PBXNativeTarget "GameOfLife watchOS App Extension" */;
			buildPhases = (
				2C6D307A27C2CCFD004ECBDE /* Sources */,
				2C6D307B27C2CCFD004ECBDE /* Frameworks */,
				2C6D307C27C2CCFD004ECBDE /* Resources */,
			);
			buildRules = (
			);
			dependencies = (
			);
			name = "GameOfLife watchOS App Extension";
			productName = "GameOfLife watchOS App Extension";
			productReference = 2C6D307E27C2CCFD004ECBDE /* GameOfLife Extension.appex */;
			productType = "com.apple.product-type.watchkit2-extension";
		};
		2C6D308B27C2CCFD004ECBDE /* GameOfLife tvOS */ = {
			isa = PBXNativeTarget;
			buildConfigurationList = 2C6D30C227C2CCFD004ECBDE /* Build configuration list for PBXNativeTarget "GameOfLife tvOS" */;
			buildPhases = (
				2C6D308827C2CCFD004ECBDE /* Sources */,
				2C6D308927C2CCFD004ECBDE /* Frameworks */,
				2C6D308A27C2CCFD004ECBDE /* Resources */,
			);
			buildRules = (
			);
			dependencies = (
			);
			name = "GameOfLife tvOS";
			productName = "GameOfLife tvOS";
			productReference = 2C6D308C27C2CCFD004ECBDE /* GameOfLife.app */;
			productType = "com.apple.product-type.application";
		};
		2C6D309B27C2CCFD004ECBDE /* GameOfLife macOS */ = {
			isa = PBXNativeTarget;
			buildConfigurationList = 2C6D30C527C2CCFD004ECBDE /* Build configuration list for PBXNativeTarget "GameOfLife macOS" */;
			buildPhases = (
				2C6D309827C2CCFD004ECBDE /* Sources */,
				2C6D309927C2CCFD004ECBDE /* Frameworks */,
				2C6D309A27C2CCFD004ECBDE /* Resources */,
			);
			buildRules = (
			);
			dependencies = (
			);
			name = "GameOfLife macOS";
			productName = "GameOfLife macOS";
			productReference = 2C6D309C27C2CCFD004ECBDE /* GameOfLife.app */;
			productType = "com.apple.product-type.application";
		};
/* End PBXNativeTarget section */

/* Begin PBXProject section */
		2C6D305627C2CCEB004ECBDE /* Project object */ = {
			isa = PBXProject;
			attributes = {
				BuildIndependentTargetsInParallel = 1;
				LastSwiftUpdateCheck = 1320;
				LastUpgradeCheck = 1320;
				TargetAttributes = {
					2C6D306227C2CCFC004ECBDE = {
						CreatedOnToolsVersion = 13.2.1;
					};
					2C6D307127C2CCFD004ECBDE = {
						CreatedOnToolsVersion = 13.2.1;
					};
					2C6D307D27C2CCFD004ECBDE = {
						CreatedOnToolsVersion = 13.2.1;
					};
					2C6D308B27C2CCFD004ECBDE = {
						CreatedOnToolsVersion = 13.2.1;
					};
					2C6D309B27C2CCFD004ECBDE = {
						CreatedOnToolsVersion = 13.2.1;
					};
				};
			};
			buildConfigurationList = 2C6D305927C2CCEB004ECBDE /* Build configuration list for PBXProject "GameOfLife" */;
			compatibilityVersion = "Xcode 13.0";
			developmentRegion = en;
			hasScannedForEncodings = 0;
			knownRegions = (
				en,
				Base,
			);
			mainGroup = 2C6D305527C2CCEB004ECBDE;
			productRefGroup = 2C6D306427C2CCFC004ECBDE /* Products */;
			projectDirPath = "";
			projectRoot = "";
			targets = (
				2C6D306227C2CCFC004ECBDE /* GameOfLife iOS */,
				2C6D307127C2CCFD004ECBDE /* GameOfLife watchOS App */,
				2C6D307D27C2CCFD004ECBDE /* GameOfLife watchOS App Extension */,
				2C6D308B27C2CCFD004ECBDE /* GameOfLife tvOS */,
				2C6D309B27C2CCFD004ECBDE /* GameOfLife macOS */,
			);
		};
/* End PBXProject section */

/* Begin PBXResourcesBuildPhase section */
		2C6D306127C2CCFC004ECBDE /* Resources */ = {
			isa = PBXResourcesBuildPhase;
			buildActionMask = 2147483647;
			files = (
				2C6D30A927C2CCFD004ECBDE /* GameScene.sks in Resources */,
				2C6D306C27C2CCFC004ECBDE /* Main.storyboard in Resources */,
				2C6D30A627C2CCFD004ECBDE /* Actions.sks in Resources */,
				2C6D306F27C2CCFC004ECBDE /* LaunchScreen.storyboard in Resources */,
				2C6D30B127C2CCFD004ECBDE /* Assets.xcassets in Resources */,
			);
			runOnlyForDeploymentPostprocessing = 0;
		};
		2C6D307027C2CCFD004ECBDE /* Resources */ = {
			isa = PBXResourcesBuildPhase;
			buildActionMask = 2147483647;
			files = (
				2C6D30B227C2CCFD004ECBDE /* Assets.xcassets in Resources */,
				2C6D307927C2CCFD004ECBDE /* Interface.storyboard in Resources */,
			);
			runOnlyForDeploymentPostprocessing = 0;
		};
		2C6D307C27C2CCFD004ECBDE /* Resources */ = {
			isa = PBXResourcesBuildPhase;
			buildActionMask = 2147483647;
			files = (
				2C6D30AA27C2CCFD004ECBDE /* GameScene.sks in Resources */,
			);
			runOnlyForDeploymentPostprocessing = 0;
		};
		2C6D308A27C2CCFD004ECBDE /* Resources */ = {
			isa = PBXResourcesBuildPhase;
			buildActionMask = 2147483647;
			files = (
				2C6D30AB27C2CCFD004ECBDE /* GameScene.sks in Resources */,
				2C6D309427C2CCFD004ECBDE /* Main.storyboard in Resources */,
				2C6D30A727C2CCFD004ECBDE /* Actions.sks in Resources */,
				2C6D309727C2CCFD004ECBDE /* LaunchScreen.storyboard in Resources */,
				2C6D30B327C2CCFD004ECBDE /* Assets.xcassets in Resources */,
			);
			runOnlyForDeploymentPostprocessing = 0;
		};
		2C6D309A27C2CCFD004ECBDE /* Resources */ = {
			isa = PBXResourcesBuildPhase;
			buildActionMask = 2147483647;
			files = (
				2C6D30A427C2CCFD004ECBDE /* Main.storyboard in Resources */,
				2C6D30AC27C2CCFD004ECBDE /* GameScene.sks in Resources */,
				2C6D30B427C2CCFD004ECBDE /* Assets.xcassets in Resources */,
				2C6D30A827C2CCFD004ECBDE /* Actions.sks in Resources */,
			);
			runOnlyForDeploymentPostprocessing = 0;
		};
/* End PBXResourcesBuildPhase section */

/* Begin PBXSourcesBuildPhase section */
		2C6D305F27C2CCFC004ECBDE /* Sources */ = {
			isa = PBXSourcesBuildPhase;
			buildActionMask = 2147483647;
			files = (
				2C6D30AD27C2CCFD004ECBDE /* GameScene.swift in Sources */,
				2C6D306927C2CCFC004ECBDE /* GameViewController.swift in Sources */,
				2C6D306727C2CCFC004ECBDE /* AppDelegate.swift in Sources */,
			);
			runOnlyForDeploymentPostprocessing = 0;
		};
		2C6D307A27C2CCFD004ECBDE /* Sources */ = {
			isa = PBXSourcesBuildPhase;
			buildActionMask = 2147483647;
			files = (
				2C6D30AE27C2CCFD004ECBDE /* GameScene.swift in Sources */,
				2C6D308627C2CCFD004ECBDE /* ExtensionDelegate.swift in Sources */,
				2C6D308427C2CCFD004ECBDE /* InterfaceController.swift in Sources */,
			);
			runOnlyForDeploymentPostprocessing = 0;
		};
		2C6D308827C2CCFD004ECBDE /* Sources */ = {
			isa = PBXSourcesBuildPhase;
			buildActionMask = 2147483647;
			files = (
				2C6D30AF27C2CCFD004ECBDE /* GameScene.swift in Sources */,
				2C6D309127C2CCFD004ECBDE /* GameViewController.swift in Sources */,
				2C6D308F27C2CCFD004ECBDE /* AppDelegate.swift in Sources */,
			);
			runOnlyForDeploymentPostprocessing = 0;
		};
		2C6D309827C2CCFD004ECBDE /* Sources */ = {
			isa = PBXSourcesBuildPhase;
			buildActionMask = 2147483647;
			files = (
				2C6D30B027C2CCFD004ECBDE /* GameScene.swift in Sources */,
				2C6D30A127C2CCFD004ECBDE /* GameViewController.swift in Sources */,
				2C6D309F27C2CCFD004ECBDE /* AppDelegate.swift in Sources */,
			);
			runOnlyForDeploymentPostprocessing = 0;
		};
/* End PBXSourcesBuildPhase section */

/* Begin PBXTargetDependency section */
		2C6D307527C2CCFD004ECBDE /* PBXTargetDependency */ = {
			isa = PBXTargetDependency;
			target = 2C6D307127C2CCFD004ECBDE /* GameOfLife watchOS App */;
			targetProxy = 2C6D307427C2CCFD004ECBDE /* PBXContainerItemProxy */;
		};
		2C6D308127C2CCFD004ECBDE /* PBXTargetDependency */ = {
			isa = PBXTargetDependency;
			target = 2C6D307D27C2CCFD004ECBDE /* GameOfLife watchOS App Extension */;
			targetProxy = 2C6D308027C2CCFD004ECBDE /* PBXContainerItemProxy */;
		};
/* End PBXTargetDependency section */

/* Begin PBXVariantGroup section */
		2C6D306A27C2CCFC004ECBDE /* Main.storyboard */ = {
			isa = PBXVariantGroup;
			children = (
				2C6D306B27C2CCFC004ECBDE /* Base */,
			);
			name = Main.storyboard;
			sourceTree = "<group>";
		};
		2C6D306D27C2CCFC004ECBDE /* LaunchScreen.storyboard */ = {
			isa = PBXVariantGroup;
			children = (
				2C6D306E27C2CCFC004ECBDE /* Base */,
			);
			name = LaunchScreen.storyboard;
			sourceTree = "<group>";
		};
		2C6D307727C2CCFD004ECBDE /* Interface.storyboard */ = {
			isa = PBXVariantGroup;
			children = (
				2C6D307827C2CCFD004ECBDE /* Base */,
			);
			name = Interface.storyboard;
			sourceTree = "<group>";
		};
		2C6D309227C2CCFD004ECBDE /* Main.storyboard */ = {
			isa = PBXVariantGroup;
			children = (
				2C6D309327C2CCFD004ECBDE /* Base */,
			);
			name = Main.storyboard;
			sourceTree = "<group>";
		};
		2C6D309527C2CCFD004ECBDE /* LaunchScreen.storyboard */ = {
			isa = PBXVariantGroup;
			children = (
				2C6D309627C2CCFD004ECBDE /* Base */,
			);
			name = LaunchScreen.storyboard;
			sourceTree = "<group>";
		};
		2C6D30A227C2CCFD004ECBDE /* Main.storyboard */ = {
			isa = PBXVariantGroup;
			children = (
				2C6D30A327C2CCFD004ECBDE /* Base */,
			);
			name = Main.storyboard;
			sourceTree = "<group>";
		};
/* End PBXVariantGroup section */

/* Begin XCBuildConfiguration section */
		2C6D30B527C2CCFD004ECBDE /* Debug */ = {
			isa = XCBuildConfiguration;
			buildSettings = {
				ALWAYS_SEARCH_USER_PATHS = NO;
				CLANG_ANALYZER_NONNULL = YES;
				CLANG_ANALYZER_NUMBER_OBJECT_CONVERSION = YES_AGGRESSIVE;
				CLANG_CXX_LANGUAGE_STANDARD = "gnu++17";
				CLANG_CXX_LIBRARY = "libc++";
				CLANG_ENABLE_MODULES = YES;
				CLANG_ENABLE_OBJC_ARC = YES;
				CLANG_ENABLE_OBJC_WEAK = YES;
				CLANG_WARN_BLOCK_CAPTURE_AUTORELEASING = YES;
				CLANG_WARN_BOOL_CONVERSION = YES;
				CLANG_WARN_COMMA = YES;
				CLANG_WARN_CONSTANT_CONVERSION = YES;
				CLANG_WARN_DEPRECATED_OBJC_IMPLEMENTATIONS = YES;
				CLANG_WARN_DIRECT_OBJC_ISA_USAGE = YES_ERROR;
				CLANG_WARN_DOCUMENTATION_COMMENTS = YES;
				CLANG_WARN_EMPTY_BODY = YES;
				CLANG_WARN_ENUM_CONVERSION = YES;
				CLANG_WARN_INFINITE_RECURSION = YES;
				CLANG_WARN_INT_CONVERSION = YES;
				CLANG_WARN_NON_LITERAL_NULL_CONVERSION = YES;
				CLANG_WARN_OBJC_IMPLICIT_RETAIN_SELF = YES;
				CLANG_WARN_OBJC_LITERAL_CONVERSION = YES;
				CLANG_WARN_OBJC_ROOT_CLASS = YES_ERROR;
				CLANG_WARN_QUOTED_INCLUDE_IN_FRAMEWORK_HEADER = YES;
				CLANG_WARN_RANGE_LOOP_ANALYSIS = YES;
				CLANG_WARN_STRICT_PROTOTYPES = YES;
				CLANG_WARN_SUSPICIOUS_MOVE = YES;
				CLANG_WARN_UNGUARDED_AVAILABILITY = YES_AGGRESSIVE;
				CLANG_WARN_UNREACHABLE_CODE = YES;
				CLANG_WARN__DUPLICATE_METHOD_MATCH = YES;
				COPY_PHASE_STRIP = NO;
				DEBUG_INFORMATION_FORMAT = dwarf;
				ENABLE_STRICT_OBJC_MSGSEND = YES;
				ENABLE_TESTABILITY = YES;
				GCC_C_LANGUAGE_STANDARD = gnu11;
				GCC_DYNAMIC_NO_PIC = NO;
				GCC_NO_COMMON_BLOCKS = YES;
				GCC_OPTIMIZATION_LEVEL = 0;
				GCC_PREPROCESSOR_DEFINITIONS = (
					"DEBUG=1",
					"$(inherited)",
				);
				GCC_WARN_64_TO_32_BIT_CONVERSION = YES;
				GCC_WARN_ABOUT_RETURN_TYPE = YES_ERROR;
				GCC_WARN_UNDECLARED_SELECTOR = YES;
				GCC_WARN_UNINITIALIZED_AUTOS = YES_AGGRESSIVE;
				GCC_WARN_UNUSED_FUNCTION = YES;
				GCC_WARN_UNUSED_VARIABLE = YES;
				MTL_ENABLE_DEBUG_INFO = INCLUDE_SOURCE;
				MTL_FAST_MATH = YES;
				ONLY_ACTIVE_ARCH = YES;
				SWIFT_ACTIVE_COMPILATION_CONDITIONS = DEBUG;
				SWIFT_OPTIMIZATION_LEVEL = "-Onone";
			};
			name = Debug;
		};
		2C6D30B627C2CCFD004ECBDE /* Release */ = {
			isa = XCBuildConfiguration;
			buildSettings = {
				ALWAYS_SEARCH_USER_PATHS = NO;
				CLANG_ANALYZER_NONNULL = YES;
				CLANG_ANALYZER_NUMBER_OBJECT_CONVERSION = YES_AGGRESSIVE;
				CLANG_CXX_LANGUAGE_STANDARD = "gnu++17";
				CLANG_CXX_LIBRARY = "libc++";
				CLANG_ENABLE_MODULES = YES;
				CLANG_ENABLE_OBJC_ARC = YES;
				CLANG_ENABLE_OBJC_WEAK = YES;
				CLANG_WARN_BLOCK_CAPTURE_AUTORELEASING = YES;
				CLANG_WARN_BOOL_CONVERSION = YES;
				CLANG_WARN_COMMA = YES;
				CLANG_WARN_CONSTANT_CONVERSION = YES;
				CLANG_WARN_DEPRECATED_OBJC_IMPLEMENTATIONS = YES;
				CLANG_WARN_DIRECT_OBJC_ISA_USAGE = YES_ERROR;
				CLANG_WARN_DOCUMENTATION_COMMENTS = YES;
				CLANG_WARN_EMPTY_BODY = YES;
				CLANG_WARN_ENUM_CONVERSION = YES;
				CLANG_WARN_INFINITE_RECURSION = YES;
				CLANG_WARN_INT_CONVERSION = YES;
				CLANG_WARN_NON_LITERAL_NULL_CONVERSION = YES;
				CLANG_WARN_OBJC_IMPLICIT_RETAIN_SELF = YES;
				CLANG_WARN_OBJC_LITERAL_CONVERSION = YES;
				CLANG_WARN_OBJC_ROOT_CLASS = YES_ERROR;
				CLANG_WARN_QUOTED_INCLUDE_IN_FRAMEWORK_HEADER = YES;
				CLANG_WARN_RANGE_LOOP_ANALYSIS = YES;
				CLANG_WARN_STRICT_PROTOTYPES = YES;
				CLANG_WARN_SUSPICIOUS_MOVE = YES;
				CLANG_WARN_UNGUARDED_AVAILABILITY = YES_AGGRESSIVE;
				CLANG_WARN_UNREACHABLE_CODE = YES;
				CLANG_WARN__DUPLICATE_METHOD_MATCH = YES;
				COPY_PHASE_STRIP = NO;
				DEBUG_INFORMATION_FORMAT = "dwarf-with-dsym";
				ENABLE_NS_ASSERTIONS = NO;
				ENABLE_STRICT_OBJC_MSGSEND = YES;
				GCC_C_LANGUAGE_STANDARD = gnu11;
				GCC_NO_COMMON_BLOCKS = YES;
				GCC_WARN_64_TO_32_BIT_CONVERSION = YES;
				GCC_WARN_ABOUT_RETURN_TYPE = YES_ERROR;
				GCC_WARN_UNDECLARED_SELECTOR = YES;
				GCC_WARN_UNINITIALIZED_AUTOS = YES_AGGRESSIVE;
				GCC_WARN_UNUSED_FUNCTION = YES;
				GCC_WARN_UNUSED_VARIABLE = YES;
				MTL_ENABLE_DEBUG_INFO = NO;
				MTL_FAST_MATH = YES;
				SWIFT_COMPILATION_MODE = wholemodule;
				SWIFT_OPTIMIZATION_LEVEL = "-O";
			};
			name = Release;
		};
		2C6D30B827C2CCFD004ECBDE /* Debug */ = {
			isa = XCBuildConfiguration;
			buildSettings = {
				CODE_SIGN_STYLE = Automatic;
				CURRENT_PROJECT_VERSION = 1;
				DEVELOPMENT_TEAM = DXUKH9VF73;
				GENERATE_INFOPLIST_FILE = YES;
				INFOPLIST_FILE = "GameOfLife watchOS App Extension/Info.plist";
				INFOPLIST_KEY_CFBundleDisplayName = "GameOfLife watchOS App Extension";
				INFOPLIST_KEY_NSHumanReadableCopyright = "";
				INFOPLIST_KEY_WKExtensionDelegateClassName = "$(PRODUCT_MODULE_NAME).ExtensionDelegate";
				LD_RUNPATH_SEARCH_PATHS = (
					"$(inherited)",
					"@executable_path/Frameworks",
					"@executable_path/../../Frameworks",
				);
				MARKETING_VERSION = 1.0;
				PRODUCT_BUNDLE_IDENTIFIER = io.kamaal.GameOfLife.watchkitapp.watchkitextension;
				PRODUCT_NAME = "GameOfLife Extension";
				SDKROOT = watchos;
				SKIP_INSTALL = YES;
				SWIFT_EMIT_LOC_STRINGS = YES;
				SWIFT_VERSION = 5.0;
				TARGETED_DEVICE_FAMILY = 4;
				WATCHOS_DEPLOYMENT_TARGET = 8.3;
			};
			name = Debug;
		};
		2C6D30B927C2CCFD004ECBDE /* Release */ = {
			isa = XCBuildConfiguration;
			buildSettings = {
				CODE_SIGN_STYLE = Automatic;
				CURRENT_PROJECT_VERSION = 1;
				DEVELOPMENT_TEAM = DXUKH9VF73;
				GENERATE_INFOPLIST_FILE = YES;
				INFOPLIST_FILE = "GameOfLife watchOS App Extension/Info.plist";
				INFOPLIST_KEY_CFBundleDisplayName = "GameOfLife watchOS App Extension";
				INFOPLIST_KEY_NSHumanReadableCopyright = "";
				INFOPLIST_KEY_WKExtensionDelegateClassName = "$(PRODUCT_MODULE_NAME).ExtensionDelegate";
				LD_RUNPATH_SEARCH_PATHS = (
					"$(inherited)",
					"@executable_path/Frameworks",
					"@executable_path/../../Frameworks",
				);
				MARKETING_VERSION = 1.0;
				PRODUCT_BUNDLE_IDENTIFIER = io.kamaal.GameOfLife.watchkitapp.watchkitextension;
				PRODUCT_NAME = "GameOfLife Extension";
				SDKROOT = watchos;
				SKIP_INSTALL = YES;
				SWIFT_EMIT_LOC_STRINGS = YES;
				SWIFT_VERSION = 5.0;
				TARGETED_DEVICE_FAMILY = 4;
				VALIDATE_PRODUCT = YES;
				WATCHOS_DEPLOYMENT_TARGET = 8.3;
			};
			name = Release;
		};
		2C6D30BC27C2CCFD004ECBDE /* Debug */ = {
			isa = XCBuildConfiguration;
			buildSettings = {
				ALWAYS_EMBED_SWIFT_STANDARD_LIBRARIES = YES;
				ASSETCATALOG_COMPILER_APPICON_NAME = AppIcon;
				ASSETCATALOG_COMPILER_GLOBAL_ACCENT_COLOR_NAME = AccentColor;
				CODE_SIGN_STYLE = Automatic;
				CURRENT_PROJECT_VERSION = 1;
				DEVELOPMENT_TEAM = DXUKH9VF73;
				GENERATE_INFOPLIST_FILE = YES;
				IBSC_MODULE = GameOfLife_Extension;
				INFOPLIST_KEY_CFBundleDisplayName = GameOfLife;
				INFOPLIST_KEY_UISupportedInterfaceOrientations = "UIInterfaceOrientationPortrait UIInterfaceOrientationPortraitUpsideDown";
				INFOPLIST_KEY_WKCompanionAppBundleIdentifier = io.kamaal.GameOfLife;
				MARKETING_VERSION = 1.0;
				PRODUCT_BUNDLE_IDENTIFIER = io.kamaal.GameOfLife.watchkitapp;
				PRODUCT_NAME = GameOfLife;
				SDKROOT = watchos;
				SKIP_INSTALL = YES;
				SWIFT_EMIT_LOC_STRINGS = YES;
				SWIFT_VERSION = 5.0;
				TARGETED_DEVICE_FAMILY = 4;
				WATCHOS_DEPLOYMENT_TARGET = 8.3;
			};
			name = Debug;
		};
		2C6D30BD27C2CCFD004ECBDE /* Release */ = {
			isa = XCBuildConfiguration;
			buildSettings = {
				ALWAYS_EMBED_SWIFT_STANDARD_LIBRARIES = YES;
				ASSETCATALOG_COMPILER_APPICON_NAME = AppIcon;
				ASSETCATALOG_COMPILER_GLOBAL_ACCENT_COLOR_NAME = AccentColor;
				CODE_SIGN_STYLE = Automatic;
				CURRENT_PROJECT_VERSION = 1;
				DEVELOPMENT_TEAM = DXUKH9VF73;
				GENERATE_INFOPLIST_FILE = YES;
				IBSC_MODULE = GameOfLife_Extension;
				INFOPLIST_KEY_CFBundleDisplayName = GameOfLife;
				INFOPLIST_KEY_UISupportedInterfaceOrientations = "UIInterfaceOrientationPortrait UIInterfaceOrientationPortraitUpsideDown";
				INFOPLIST_KEY_WKCompanionAppBundleIdentifier = io.kamaal.GameOfLife;
				MARKETING_VERSION = 1.0;
				PRODUCT_BUNDLE_IDENTIFIER = io.kamaal.GameOfLife.watchkitapp;
				PRODUCT_NAME = GameOfLife;
				SDKROOT = watchos;
				SKIP_INSTALL = YES;
				SWIFT_EMIT_LOC_STRINGS = YES;
				SWIFT_VERSION = 5.0;
				TARGETED_DEVICE_FAMILY = 4;
				VALIDATE_PRODUCT = YES;
				WATCHOS_DEPLOYMENT_TARGET = 8.3;
			};
			name = Release;
		};
		2C6D30C027C2CCFD004ECBDE /* Debug */ = {
			isa = XCBuildConfiguration;
			buildSettings = {
				ASSETCATALOG_COMPILER_APPICON_NAME = AppIcon;
				ASSETCATALOG_COMPILER_GLOBAL_ACCENT_COLOR_NAME = AccentColor;
				CODE_SIGN_STYLE = Automatic;
				CURRENT_PROJECT_VERSION = 1;
				DEVELOPMENT_TEAM = DXUKH9VF73;
				GENERATE_INFOPLIST_FILE = YES;
				INFOPLIST_KEY_UIApplicationSupportsIndirectInputEvents = YES;
				INFOPLIST_KEY_UILaunchStoryboardName = LaunchScreen;
				INFOPLIST_KEY_UIMainStoryboardFile = Main;
				INFOPLIST_KEY_UIStatusBarHidden = YES;
				INFOPLIST_KEY_UISupportedInterfaceOrientations_iPad = "UIInterfaceOrientationPortrait UIInterfaceOrientationPortraitUpsideDown UIInterfaceOrientationLandscapeLeft UIInterfaceOrientationLandscapeRight";
				INFOPLIST_KEY_UISupportedInterfaceOrientations_iPhone = "UIInterfaceOrientationPortrait UIInterfaceOrientationLandscapeLeft UIInterfaceOrientationLandscapeRight";
				IPHONEOS_DEPLOYMENT_TARGET = 15.2;
				LD_RUNPATH_SEARCH_PATHS = (
					"$(inherited)",
					"@executable_path/Frameworks",
				);
				MARKETING_VERSION = 1.0;
				PRODUCT_BUNDLE_IDENTIFIER = io.kamaal.GameOfLife;
				PRODUCT_NAME = GameOfLife;
				SDKROOT = iphoneos;
				SWIFT_EMIT_LOC_STRINGS = YES;
				SWIFT_VERSION = 5.0;
				TARGETED_DEVICE_FAMILY = "1,2";
			};
			name = Debug;
		};
		2C6D30C127C2CCFD004ECBDE /* Release */ = {
			isa = XCBuildConfiguration;
			buildSettings = {
				ASSETCATALOG_COMPILER_APPICON_NAME = AppIcon;
				ASSETCATALOG_COMPILER_GLOBAL_ACCENT_COLOR_NAME = AccentColor;
				CODE_SIGN_STYLE = Automatic;
				CURRENT_PROJECT_VERSION = 1;
				DEVELOPMENT_TEAM = DXUKH9VF73;
				GENERATE_INFOPLIST_FILE = YES;
				INFOPLIST_KEY_UIApplicationSupportsIndirectInputEvents = YES;
				INFOPLIST_KEY_UILaunchStoryboardName = LaunchScreen;
				INFOPLIST_KEY_UIMainStoryboardFile = Main;
				INFOPLIST_KEY_UIStatusBarHidden = YES;
				INFOPLIST_KEY_UISupportedInterfaceOrientations_iPad = "UIInterfaceOrientationPortrait UIInterfaceOrientationPortraitUpsideDown UIInterfaceOrientationLandscapeLeft UIInterfaceOrientationLandscapeRight";
				INFOPLIST_KEY_UISupportedInterfaceOrientations_iPhone = "UIInterfaceOrientationPortrait UIInterfaceOrientationLandscapeLeft UIInterfaceOrientationLandscapeRight";
				IPHONEOS_DEPLOYMENT_TARGET = 15.2;
				LD_RUNPATH_SEARCH_PATHS = (
					"$(inherited)",
					"@executable_path/Frameworks",
				);
				MARKETING_VERSION = 1.0;
				PRODUCT_BUNDLE_IDENTIFIER = io.kamaal.GameOfLife;
				PRODUCT_NAME = GameOfLife;
				SDKROOT = iphoneos;
				SWIFT_EMIT_LOC_STRINGS = YES;
				SWIFT_VERSION = 5.0;
				TARGETED_DEVICE_FAMILY = "1,2";
				VALIDATE_PRODUCT = YES;
			};
			name = Release;
		};
		2C6D30C327C2CCFD004ECBDE /* Debug */ = {
			isa = XCBuildConfiguration;
			buildSettings = {
				ASSETCATALOG_COMPILER_APPICON_NAME = "tvOS App Icon & Top Shelf Image";
				ASSETCATALOG_COMPILER_GLOBAL_ACCENT_COLOR_NAME = AccentColor;
				CODE_SIGN_STYLE = Automatic;
				CURRENT_PROJECT_VERSION = 1;
				DEVELOPMENT_TEAM = DXUKH9VF73;
				GENERATE_INFOPLIST_FILE = YES;
				INFOPLIST_KEY_UILaunchStoryboardName = LaunchScreen;
				INFOPLIST_KEY_UIMainStoryboardFile = Main;
				INFOPLIST_KEY_UIUserInterfaceStyle = Automatic;
				LD_RUNPATH_SEARCH_PATHS = (
					"$(inherited)",
					"@executable_path/Frameworks",
				);
				MARKETING_VERSION = 1.0;
				PRODUCT_BUNDLE_IDENTIFIER = io.kamaal.GameOfLife;
				PRODUCT_NAME = GameOfLife;
				SDKROOT = appletvos;
				SWIFT_EMIT_LOC_STRINGS = YES;
				SWIFT_VERSION = 5.0;
				TARGETED_DEVICE_FAMILY = 3;
				TVOS_DEPLOYMENT_TARGET = 15.2;
			};
			name = Debug;
		};
		2C6D30C427C2CCFD004ECBDE /* Release */ = {
			isa = XCBuildConfiguration;
			buildSettings = {
				ASSETCATALOG_COMPILER_APPICON_NAME = "tvOS App Icon & Top Shelf Image";
				ASSETCATALOG_COMPILER_GLOBAL_ACCENT_COLOR_NAME = AccentColor;
				CODE_SIGN_STYLE = Automatic;
				CURRENT_PROJECT_VERSION = 1;
				DEVELOPMENT_TEAM = DXUKH9VF73;
				GENERATE_INFOPLIST_FILE = YES;
				INFOPLIST_KEY_UILaunchStoryboardName = LaunchScreen;
				INFOPLIST_KEY_UIMainStoryboardFile = Main;
				INFOPLIST_KEY_UIUserInterfaceStyle = Automatic;
				LD_RUNPATH_SEARCH_PATHS = (
					"$(inherited)",
					"@executable_path/Frameworks",
				);
				MARKETING_VERSION = 1.0;
				PRODUCT_BUNDLE_IDENTIFIER = io.kamaal.GameOfLife;
				PRODUCT_NAME = GameOfLife;
				SDKROOT = appletvos;
				SWIFT_EMIT_LOC_STRINGS = YES;
				SWIFT_VERSION = 5.0;
				TARGETED_DEVICE_FAMILY = 3;
				TVOS_DEPLOYMENT_TARGET = 15.2;
				VALIDATE_PRODUCT = YES;
			};
			name = Release;
		};
		2C6D30C627C2CCFD004ECBDE /* Debug */ = {
			isa = XCBuildConfiguration;
			buildSettings = {
				ASSETCATALOG_COMPILER_APPICON_NAME = AppIcon;
				ASSETCATALOG_COMPILER_GLOBAL_ACCENT_COLOR_NAME = AccentColor;
				CODE_SIGN_ENTITLEMENTS = "GameOfLife macOS/GameOfLife_macOS.entitlements";
				CODE_SIGN_STYLE = Automatic;
				COMBINE_HIDPI_IMAGES = YES;
				CURRENT_PROJECT_VERSION = 1;
				DEVELOPMENT_TEAM = DXUKH9VF73;
				ENABLE_HARDENED_RUNTIME = YES;
				GENERATE_INFOPLIST_FILE = YES;
				INFOPLIST_KEY_NSHumanReadableCopyright = "";
				INFOPLIST_KEY_NSMainStoryboardFile = Main;
				INFOPLIST_KEY_NSPrincipalClass = NSApplication;
				LD_RUNPATH_SEARCH_PATHS = (
					"$(inherited)",
					"@executable_path/../Frameworks",
				);
				MACOSX_DEPLOYMENT_TARGET = 12.1;
				MARKETING_VERSION = 1.0;
				PRODUCT_BUNDLE_IDENTIFIER = io.kamaal.GameOfLife;
				PRODUCT_NAME = GameOfLife;
				SDKROOT = macosx;
				SWIFT_EMIT_LOC_STRINGS = YES;
				SWIFT_VERSION = 5.0;
			};
			name = Debug;
		};
		2C6D30C727C2CCFD004ECBDE /* Release */ = {
			isa = XCBuildConfiguration;
			buildSettings = {
				ASSETCATALOG_COMPILER_APPICON_NAME = AppIcon;
				ASSETCATALOG_COMPILER_GLOBAL_ACCENT_COLOR_NAME = AccentColor;
				CODE_SIGN_ENTITLEMENTS = "GameOfLife macOS/GameOfLife_macOS.entitlements";
				CODE_SIGN_STYLE = Automatic;
				COMBINE_HIDPI_IMAGES = YES;
				CURRENT_PROJECT_VERSION = 1;
				DEVELOPMENT_TEAM = DXUKH9VF73;
				ENABLE_HARDENED_RUNTIME = YES;
				GENERATE_INFOPLIST_FILE = YES;
				INFOPLIST_KEY_NSHumanReadableCopyright = "";
				INFOPLIST_KEY_NSMainStoryboardFile = Main;
				INFOPLIST_KEY_NSPrincipalClass = NSApplication;
				LD_RUNPATH_SEARCH_PATHS = (
					"$(inherited)",
					"@executable_path/../Frameworks",
				);
				MACOSX_DEPLOYMENT_TARGET = 12.1;
				MARKETING_VERSION = 1.0;
				PRODUCT_BUNDLE_IDENTIFIER = io.kamaal.GameOfLife;
				PRODUCT_NAME = GameOfLife;
				SDKROOT = macosx;
				SWIFT_EMIT_LOC_STRINGS = YES;
				SWIFT_VERSION = 5.0;
			};
			name = Release;
		};
/* End XCBuildConfiguration section */

/* Begin XCConfigurationList section */
		2C6D305927C2CCEB004ECBDE /* Build configuration list for PBXProject "GameOfLife" */ = {
			isa = XCConfigurationList;
			buildConfigurations = (
				2C6D30B527C2CCFD004ECBDE /* Debug */,
				2C6D30B627C2CCFD004ECBDE /* Release */,
			);
			defaultConfigurationIsVisible = 0;
			defaultConfigurationName = Release;
		};
		2C6D30B727C2CCFD004ECBDE /* Build configuration list for PBXNativeTarget "GameOfLife watchOS App Extension" */ = {
			isa = XCConfigurationList;
			buildConfigurations = (
				2C6D30B827C2CCFD004ECBDE /* Debug */,
				2C6D30B927C2CCFD004ECBDE /* Release */,
			);
			defaultConfigurationIsVisible = 0;
			defaultConfigurationName = Release;
		};
		2C6D30BB27C2CCFD004ECBDE /* Build configuration list for PBXNativeTarget "GameOfLife watchOS App" */ = {
			isa = XCConfigurationList;
			buildConfigurations = (
				2C6D30BC27C2CCFD004ECBDE /* Debug */,
				2C6D30BD27C2CCFD004ECBDE /* Release */,
			);
			defaultConfigurationIsVisible = 0;
			defaultConfigurationName = Release;
		};
		2C6D30BF27C2CCFD004ECBDE /* Build configuration list for PBXNativeTarget "GameOfLife iOS" */ = {
			isa = XCConfigurationList;
			buildConfigurations = (
				2C6D30C027C2CCFD004ECBDE /* Debug */,
				2C6D30C127C2CCFD004ECBDE /* Release */,
			);
			defaultConfigurationIsVisible = 0;
			defaultConfigurationName = Release;
		};
		2C6D30C227C2CCFD004ECBDE /* Build configuration list for PBXNativeTarget "GameOfLife tvOS" */ = {
			isa = XCConfigurationList;
			buildConfigurations = (
				2C6D30C327C2CCFD004ECBDE /* Debug */,
				2C6D30C427C2CCFD004ECBDE /* Release */,
			);
			defaultConfigurationIsVisible = 0;
			defaultConfigurationName = Release;
		};
		2C6D30C527C2CCFD004ECBDE /* Build configuration list for PBXNativeTarget "GameOfLife macOS" */ = {
			isa = XCConfigurationList;
			buildConfigurations = (
				2C6D30C627C2CCFD004ECBDE /* Debug */,
				2C6D30C727C2CCFD004ECBDE /* Release */,
			);
			defaultConfigurationIsVisible = 0;
			defaultConfigurationName = Release;
		};
/* End XCConfigurationList section */
	};
	rootObject = 2C6D305627C2CCEB004ECBDE /* Project object */;
}
