// !$*UTF8*$!
{
	archiveVersion = 1;
	classes = {
	};
	objectVersion = 55;
	objects = {

/* Begin PBXBuildFile section */
		2C4D6A1327C29D4800C700C3 /* ShrimpExtensions in Frameworks */ = {isa = PBXBuildFile; productRef = 2C4D6A1227C29D4800C700C3 /* ShrimpExtensions */; };
		2C4D6A1527C29D5000C700C3 /* ShrimpExtensions in Frameworks */ = {isa = PBXBuildFile; productRef = 2C4D6A1427C29D5000C700C3 /* ShrimpExtensions */; };
		2CE4041227C265240076D460 /* GameOfLifeApp.swift in Sources */ = {isa = PBXBuildFile; fileRef = 2CE4040227C265190076D460 /* GameOfLifeApp.swift */; };
		2CE4041327C265240076D460 /* GameOfLifeApp.swift in Sources */ = {isa = PBXBuildFile; fileRef = 2CE4040227C265190076D460 /* GameOfLifeApp.swift */; };
		2CE4041427C265240076D460 /* ContentView.swift in Sources */ = {isa = PBXBuildFile; fileRef = 2CE4040327C265190076D460 /* ContentView.swift */; };
		2CE4041527C265240076D460 /* ContentView.swift in Sources */ = {isa = PBXBuildFile; fileRef = 2CE4040327C265190076D460 /* ContentView.swift */; };
		2CE4041627C265240076D460 /* Assets.xcassets in Resources */ = {isa = PBXBuildFile; fileRef = 2CE4040427C265240076D460 /* Assets.xcassets */; };
		2CE4041727C265240076D460 /* Assets.xcassets in Resources */ = {isa = PBXBuildFile; fileRef = 2CE4040427C265240076D460 /* Assets.xcassets */; };
		2CE4042C27C269460076D460 /* GridStack.swift in Sources */ = {isa = PBXBuildFile; fileRef = 2CE4042B27C269460076D460 /* GridStack.swift */; };
		2CE4042D27C269460076D460 /* GridStack.swift in Sources */ = {isa = PBXBuildFile; fileRef = 2CE4042B27C269460076D460 /* GridStack.swift */; };
/* End PBXBuildFile section */

/* Begin PBXFileReference section */
		2CE4040227C265190076D460 /* GameOfLifeApp.swift */ = {isa = PBXFileReference; lastKnownFileType = sourcecode.swift; path = GameOfLifeApp.swift; sourceTree = "<group>"; };
		2CE4040327C265190076D460 /* ContentView.swift */ = {isa = PBXFileReference; lastKnownFileType = sourcecode.swift; path = ContentView.swift; sourceTree = "<group>"; };
		2CE4040427C265240076D460 /* Assets.xcassets */ = {isa = PBXFileReference; lastKnownFileType = folder.assetcatalog; path = Assets.xcassets; sourceTree = "<group>"; };
		2CE4040927C265240076D460 /* GameOfLife.app */ = {isa = PBXFileReference; explicitFileType = wrapper.application; includeInIndex = 0; path = GameOfLife.app; sourceTree = BUILT_PRODUCTS_DIR; };
		2CE4040F27C265240076D460 /* GameOfLife.app */ = {isa = PBXFileReference; explicitFileType = wrapper.application; includeInIndex = 0; path = GameOfLife.app; sourceTree = BUILT_PRODUCTS_DIR; };
		2CE4041127C265240076D460 /* macOS.entitlements */ = {isa = PBXFileReference; lastKnownFileType = text.plist.entitlements; path = macOS.entitlements; sourceTree = "<group>"; };
		2CE4042B27C269460076D460 /* GridStack.swift */ = {isa = PBXFileReference; lastKnownFileType = sourcecode.swift; path = GridStack.swift; sourceTree = "<group>"; };
/* End PBXFileReference section */

/* Begin PBXFrameworksBuildPhase section */
		2CE4040627C265240076D460 /* Frameworks */ = {
			isa = PBXFrameworksBuildPhase;
			buildActionMask = 2147483647;
			files = (
				2C4D6A1327C29D4800C700C3 /* ShrimpExtensions in Frameworks */,
			);
			runOnlyForDeploymentPostprocessing = 0;
		};
		2CE4040C27C265240076D460 /* Frameworks */ = {
			isa = PBXFrameworksBuildPhase;
			buildActionMask = 2147483647;
			files = (
				2C4D6A1527C29D5000C700C3 /* ShrimpExtensions in Frameworks */,
			);
			runOnlyForDeploymentPostprocessing = 0;
		};
/* End PBXFrameworksBuildPhase section */

/* Begin PBXGroup section */
		2CE403FC27C265180076D460 = {
			isa = PBXGroup;
			children = (
				2CE4042027C265980076D460 /* Frameworks */,
				2CE4041027C265240076D460 /* macOS */,
				2CE4040A27C265240076D460 /* Products */,
				2CE4040127C265190076D460 /* Shared */,
			);
			sourceTree = "<group>";
		};
		2CE4040127C265190076D460 /* Shared */ = {
			isa = PBXGroup;
			children = (
				2CE4040327C265190076D460 /* ContentView.swift */,
				2CE4040227C265190076D460 /* GameOfLifeApp.swift */,
				2CE4040427C265240076D460 /* Assets.xcassets */,
				2CE4042927C269260076D460 /* Views */,
			);
			path = Shared;
			sourceTree = "<group>";
		};
		2CE4040A27C265240076D460 /* Products */ = {
			isa = PBXGroup;
			children = (
				2CE4040927C265240076D460 /* GameOfLife.app */,
				2CE4040F27C265240076D460 /* GameOfLife.app */,
			);
			name = Products;
			sourceTree = "<group>";
		};
		2CE4041027C265240076D460 /* macOS */ = {
			isa = PBXGroup;
			children = (
				2CE4041127C265240076D460 /* macOS.entitlements */,
			);
			path = macOS;
			sourceTree = "<group>";
		};
		2CE4042027C265980076D460 /* Frameworks */ = {
			isa = PBXGroup;
			children = (
			);
			name = Frameworks;
			sourceTree = "<group>";
		};
		2CE4042927C269260076D460 /* Views */ = {
			isa = PBXGroup;
			children = (
				2CE4042A27C269320076D460 /* SupportingViews */,
			);
			path = Views;
			sourceTree = "<group>";
		};
		2CE4042A27C269320076D460 /* SupportingViews */ = {
			isa = PBXGroup;
			children = (
				2CE4042B27C269460076D460 /* GridStack.swift */,
			);
			path = SupportingViews;
			sourceTree = "<group>";
		};
/* End PBXGroup section */

/* Begin PBXNativeTarget section */
		2CE4040827C265240076D460 /* GameOfLife (iOS) */ = {
			isa = PBXNativeTarget;
			buildConfigurationList = 2CE4041A27C265240076D460 /* Build configuration list for PBXNativeTarget "GameOfLife (iOS)" */;
			buildPhases = (
				2CE4040527C265240076D460 /* Sources */,
				2CE4040627C265240076D460 /* Frameworks */,
				2CE4040727C265240076D460 /* Resources */,
			);
			buildRules = (
			);
			dependencies = (
			);
			name = "GameOfLife (iOS)";
			packageProductDependencies = (
				2C4D6A1227C29D4800C700C3 /* ShrimpExtensions */,
			);
			productName = "GameOfLife (iOS)";
			productReference = 2CE4040927C265240076D460 /* GameOfLife.app */;
			productType = "com.apple.product-type.application";
		};
		2CE4040E27C265240076D460 /* GameOfLife (macOS) */ = {
			isa = PBXNativeTarget;
			buildConfigurationList = 2CE4041D27C265240076D460 /* Build configuration list for PBXNativeTarget "GameOfLife (macOS)" */;
			buildPhases = (
				2CE4040B27C265240076D460 /* Sources */,
				2CE4040C27C265240076D460 /* Frameworks */,
				2CE4040D27C265240076D460 /* Resources */,
			);
			buildRules = (
			);
			dependencies = (
			);
			name = "GameOfLife (macOS)";
			packageProductDependencies = (
				2C4D6A1427C29D5000C700C3 /* ShrimpExtensions */,
			);
			productName = "GameOfLife (macOS)";
			productReference = 2CE4040F27C265240076D460 /* GameOfLife.app */;
			productType = "com.apple.product-type.application";
		};
/* End PBXNativeTarget section */

/* Begin PBXProject section */
		2CE403FD27C265180076D460 /* Project object */ = {
			isa = PBXProject;
			attributes = {
				BuildIndependentTargetsInParallel = 1;
				LastSwiftUpdateCheck = 1320;
				LastUpgradeCheck = 1320;
				TargetAttributes = {
					2CE4040827C265240076D460 = {
						CreatedOnToolsVersion = 13.2.1;
					};
					2CE4040E27C265240076D460 = {
						CreatedOnToolsVersion = 13.2.1;
					};
				};
			};
			buildConfigurationList = 2CE4040027C265180076D460 /* Build configuration list for PBXProject "GameOfLife" */;
			compatibilityVersion = "Xcode 13.0";
			developmentRegion = en;
			hasScannedForEncodings = 0;
			knownRegions = (
				en,
				Base,
			);
			mainGroup = 2CE403FC27C265180076D460;
			packageReferences = (
				2C4D6A1127C29D4800C700C3 /* XCRemoteSwiftPackageReference "ShrimpExtensions" */,
			);
			productRefGroup = 2CE4040A27C265240076D460 /* Products */;
			projectDirPath = "";
			projectRoot = "";
			targets = (
				2CE4040827C265240076D460 /* GameOfLife (iOS) */,
				2CE4040E27C265240076D460 /* GameOfLife (macOS) */,
			);
		};
/* End PBXProject section */

/* Begin PBXResourcesBuildPhase section */
		2CE4040727C265240076D460 /* Resources */ = {
			isa = PBXResourcesBuildPhase;
			buildActionMask = 2147483647;
			files = (
				2CE4041627C265240076D460 /* Assets.xcassets in Resources */,
			);
			runOnlyForDeploymentPostprocessing = 0;
		};
		2CE4040D27C265240076D460 /* Resources */ = {
			isa = PBXResourcesBuildPhase;
			buildActionMask = 2147483647;
			files = (
				2CE4041727C265240076D460 /* Assets.xcassets in Resources */,
			);
			runOnlyForDeploymentPostprocessing = 0;
		};
/* End PBXResourcesBuildPhase section */

/* Begin PBXSourcesBuildPhase section */
		2CE4040527C265240076D460 /* Sources */ = {
			isa = PBXSourcesBuildPhase;
			buildActionMask = 2147483647;
			files = (
				2CE4041427C265240076D460 /* ContentView.swift in Sources */,
				2CE4041227C265240076D460 /* GameOfLifeApp.swift in Sources */,
				2CE4042C27C269460076D460 /* GridStack.swift in Sources */,
			);
			runOnlyForDeploymentPostprocessing = 0;
		};
		2CE4040B27C265240076D460 /* Sources */ = {
			isa = PBXSourcesBuildPhase;
			buildActionMask = 2147483647;
			files = (
				2CE4041527C265240076D460 /* ContentView.swift in Sources */,
				2CE4041327C265240076D460 /* GameOfLifeApp.swift in Sources */,
				2CE4042D27C269460076D460 /* GridStack.swift in Sources */,
			);
			runOnlyForDeploymentPostprocessing = 0;
		};
/* End PBXSourcesBuildPhase section */

/* Begin XCBuildConfiguration section */
		2CE4041827C265240076D460 /* Debug */ = {
			isa = XCBuildConfiguration;
			buildSettings = {
				ALWAYS_SEARCH_USER_PATHS = NO;
				CLANG_ANALYZER_NONNULL = YES;
				CLANG_ANALYZER_NUMBER_OBJECT_CONVERSION = YES_AGGRESSIVE;
				CLANG_CXX_LANGUAGE_STANDARD = "gnu++17";
				CLANG_CXX_LIBRARY = "libc++";
				CLANG_ENABLE_MODULES = YES;
				CLANG_ENABLE_OBJC_ARC = YES;
				CLANG_ENABLE_OBJC_WEAK = YES;
				CLANG_WARN_BLOCK_CAPTURE_AUTORELEASING = YES;
				CLANG_WARN_BOOL_CONVERSION = YES;
				CLANG_WARN_COMMA = YES;
				CLANG_WARN_CONSTANT_CONVERSION = YES;
				CLANG_WARN_DEPRECATED_OBJC_IMPLEMENTATIONS = YES;
				CLANG_WARN_DIRECT_OBJC_ISA_USAGE = YES_ERROR;
				CLANG_WARN_DOCUMENTATION_COMMENTS = YES;
				CLANG_WARN_EMPTY_BODY = YES;
				CLANG_WARN_ENUM_CONVERSION = YES;
				CLANG_WARN_INFINITE_RECURSION = YES;
				CLANG_WARN_INT_CONVERSION = YES;
				CLANG_WARN_NON_LITERAL_NULL_CONVERSION = YES;
				CLANG_WARN_OBJC_IMPLICIT_RETAIN_SELF = YES;
				CLANG_WARN_OBJC_LITERAL_CONVERSION = YES;
				CLANG_WARN_OBJC_ROOT_CLASS = YES_ERROR;
				CLANG_WARN_QUOTED_INCLUDE_IN_FRAMEWORK_HEADER = YES;
				CLANG_WARN_RANGE_LOOP_ANALYSIS = YES;
				CLANG_WARN_STRICT_PROTOTYPES = YES;
				CLANG_WARN_SUSPICIOUS_MOVE = YES;
				CLANG_WARN_UNGUARDED_AVAILABILITY = YES_AGGRESSIVE;
				CLANG_WARN_UNREACHABLE_CODE = YES;
				CLANG_WARN__DUPLICATE_METHOD_MATCH = YES;
				COPY_PHASE_STRIP = NO;
				DEBUG_INFORMATION_FORMAT = dwarf;
				ENABLE_STRICT_OBJC_MSGSEND = YES;
				ENABLE_TESTABILITY = YES;
				GCC_C_LANGUAGE_STANDARD = gnu11;
				GCC_DYNAMIC_NO_PIC = NO;
				GCC_NO_COMMON_BLOCKS = YES;
				GCC_OPTIMIZATION_LEVEL = 0;
				GCC_PREPROCESSOR_DEFINITIONS = (
					"DEBUG=1",
					"$(inherited)",
				);
				GCC_WARN_64_TO_32_BIT_CONVERSION = YES;
				GCC_WARN_ABOUT_RETURN_TYPE = YES_ERROR;
				GCC_WARN_UNDECLARED_SELECTOR = YES;
				GCC_WARN_UNINITIALIZED_AUTOS = YES_AGGRESSIVE;
				GCC_WARN_UNUSED_FUNCTION = YES;
				GCC_WARN_UNUSED_VARIABLE = YES;
				MTL_ENABLE_DEBUG_INFO = INCLUDE_SOURCE;
				MTL_FAST_MATH = YES;
				ONLY_ACTIVE_ARCH = YES;
				SWIFT_ACTIVE_COMPILATION_CONDITIONS = DEBUG;
				SWIFT_OPTIMIZATION_LEVEL = "-Onone";
			};
			name = Debug;
		};
		2CE4041927C265240076D460 /* Release */ = {
			isa = XCBuildConfiguration;
			buildSettings = {
				ALWAYS_SEARCH_USER_PATHS = NO;
				CLANG_ANALYZER_NONNULL = YES;
				CLANG_ANALYZER_NUMBER_OBJECT_CONVERSION = YES_AGGRESSIVE;
				CLANG_CXX_LANGUAGE_STANDARD = "gnu++17";
				CLANG_CXX_LIBRARY = "libc++";
				CLANG_ENABLE_MODULES = YES;
				CLANG_ENABLE_OBJC_ARC = YES;
				CLANG_ENABLE_OBJC_WEAK = YES;
				CLANG_WARN_BLOCK_CAPTURE_AUTORELEASING = YES;
				CLANG_WARN_BOOL_CONVERSION = YES;
				CLANG_WARN_COMMA = YES;
				CLANG_WARN_CONSTANT_CONVERSION = YES;
				CLANG_WARN_DEPRECATED_OBJC_IMPLEMENTATIONS = YES;
				CLANG_WARN_DIRECT_OBJC_ISA_USAGE = YES_ERROR;
				CLANG_WARN_DOCUMENTATION_COMMENTS = YES;
				CLANG_WARN_EMPTY_BODY = YES;
				CLANG_WARN_ENUM_CONVERSION = YES;
				CLANG_WARN_INFINITE_RECURSION = YES;
				CLANG_WARN_INT_CONVERSION = YES;
				CLANG_WARN_NON_LITERAL_NULL_CONVERSION = YES;
				CLANG_WARN_OBJC_IMPLICIT_RETAIN_SELF = YES;
				CLANG_WARN_OBJC_LITERAL_CONVERSION = YES;
				CLANG_WARN_OBJC_ROOT_CLASS = YES_ERROR;
				CLANG_WARN_QUOTED_INCLUDE_IN_FRAMEWORK_HEADER = YES;
				CLANG_WARN_RANGE_LOOP_ANALYSIS = YES;
				CLANG_WARN_STRICT_PROTOTYPES = YES;
				CLANG_WARN_SUSPICIOUS_MOVE = YES;
				CLANG_WARN_UNGUARDED_AVAILABILITY = YES_AGGRESSIVE;
				CLANG_WARN_UNREACHABLE_CODE = YES;
				CLANG_WARN__DUPLICATE_METHOD_MATCH = YES;
				COPY_PHASE_STRIP = NO;
				DEBUG_INFORMATION_FORMAT = "dwarf-with-dsym";
				ENABLE_NS_ASSERTIONS = NO;
				ENABLE_STRICT_OBJC_MSGSEND = YES;
				GCC_C_LANGUAGE_STANDARD = gnu11;
				GCC_NO_COMMON_BLOCKS = YES;
				GCC_WARN_64_TO_32_BIT_CONVERSION = YES;
				GCC_WARN_ABOUT_RETURN_TYPE = YES_ERROR;
				GCC_WARN_UNDECLARED_SELECTOR = YES;
				GCC_WARN_UNINITIALIZED_AUTOS = YES_AGGRESSIVE;
				GCC_WARN_UNUSED_FUNCTION = YES;
				GCC_WARN_UNUSED_VARIABLE = YES;
				MTL_ENABLE_DEBUG_INFO = NO;
				MTL_FAST_MATH = YES;
				SWIFT_COMPILATION_MODE = wholemodule;
				SWIFT_OPTIMIZATION_LEVEL = "-O";
			};
			name = Release;
		};
		2CE4041B27C265240076D460 /* Debug */ = {
			isa = XCBuildConfiguration;
			buildSettings = {
				ASSETCATALOG_COMPILER_APPICON_NAME = AppIcon;
				ASSETCATALOG_COMPILER_GLOBAL_ACCENT_COLOR_NAME = AccentColor;
				CODE_SIGN_STYLE = Automatic;
				CURRENT_PROJECT_VERSION = 1;
				DEVELOPMENT_TEAM = DXUKH9VF73;
				ENABLE_PREVIEWS = YES;
				GENERATE_INFOPLIST_FILE = YES;
				INFOPLIST_KEY_UIApplicationSceneManifest_Generation = YES;
				INFOPLIST_KEY_UIApplicationSupportsIndirectInputEvents = YES;
				INFOPLIST_KEY_UILaunchScreen_Generation = YES;
				INFOPLIST_KEY_UISupportedInterfaceOrientations_iPad = "UIInterfaceOrientationPortrait UIInterfaceOrientationPortraitUpsideDown UIInterfaceOrientationLandscapeLeft UIInterfaceOrientationLandscapeRight";
				INFOPLIST_KEY_UISupportedInterfaceOrientations_iPhone = "UIInterfaceOrientationPortrait UIInterfaceOrientationLandscapeLeft UIInterfaceOrientationLandscapeRight";
				IPHONEOS_DEPLOYMENT_TARGET = 15.2;
				LD_RUNPATH_SEARCH_PATHS = (
					"$(inherited)",
					"@executable_path/Frameworks",
				);
				MARKETING_VERSION = 1.0;
				PRODUCT_BUNDLE_IDENTIFIER = io.kamaal.GameOfLife;
				PRODUCT_NAME = GameOfLife;
				SDKROOT = iphoneos;
				SWIFT_EMIT_LOC_STRINGS = YES;
				SWIFT_VERSION = 5.0;
				TARGETED_DEVICE_FAMILY = "1,2";
			};
			name = Debug;
		};
		2CE4041C27C265240076D460 /* Release */ = {
			isa = XCBuildConfiguration;
			buildSettings = {
				ASSETCATALOG_COMPILER_APPICON_NAME = AppIcon;
				ASSETCATALOG_COMPILER_GLOBAL_ACCENT_COLOR_NAME = AccentColor;
				CODE_SIGN_STYLE = Automatic;
				CURRENT_PROJECT_VERSION = 1;
				DEVELOPMENT_TEAM = DXUKH9VF73;
				ENABLE_PREVIEWS = YES;
				GENERATE_INFOPLIST_FILE = YES;
				INFOPLIST_KEY_UIApplicationSceneManifest_Generation = YES;
				INFOPLIST_KEY_UIApplicationSupportsIndirectInputEvents = YES;
				INFOPLIST_KEY_UILaunchScreen_Generation = YES;
				INFOPLIST_KEY_UISupportedInterfaceOrientations_iPad = "UIInterfaceOrientationPortrait UIInterfaceOrientationPortraitUpsideDown UIInterfaceOrientationLandscapeLeft UIInterfaceOrientationLandscapeRight";
				INFOPLIST_KEY_UISupportedInterfaceOrientations_iPhone = "UIInterfaceOrientationPortrait UIInterfaceOrientationLandscapeLeft UIInterfaceOrientationLandscapeRight";
				IPHONEOS_DEPLOYMENT_TARGET = 15.2;
				LD_RUNPATH_SEARCH_PATHS = (
					"$(inherited)",
					"@executable_path/Frameworks",
				);
				MARKETING_VERSION = 1.0;
				PRODUCT_BUNDLE_IDENTIFIER = io.kamaal.GameOfLife;
				PRODUCT_NAME = GameOfLife;
				SDKROOT = iphoneos;
				SWIFT_EMIT_LOC_STRINGS = YES;
				SWIFT_VERSION = 5.0;
				TARGETED_DEVICE_FAMILY = "1,2";
				VALIDATE_PRODUCT = YES;
			};
			name = Release;
		};
		2CE4041E27C265240076D460 /* Debug */ = {
			isa = XCBuildConfiguration;
			buildSettings = {
				ASSETCATALOG_COMPILER_APPICON_NAME = AppIcon;
				ASSETCATALOG_COMPILER_GLOBAL_ACCENT_COLOR_NAME = AccentColor;
				CODE_SIGN_ENTITLEMENTS = macOS/macOS.entitlements;
				CODE_SIGN_STYLE = Automatic;
				COMBINE_HIDPI_IMAGES = YES;
				CURRENT_PROJECT_VERSION = 1;
				DEVELOPMENT_TEAM = DXUKH9VF73;
				ENABLE_HARDENED_RUNTIME = YES;
				ENABLE_PREVIEWS = YES;
				GENERATE_INFOPLIST_FILE = YES;
				INFOPLIST_KEY_NSHumanReadableCopyright = "";
				LD_RUNPATH_SEARCH_PATHS = (
					"$(inherited)",
					"@executable_path/../Frameworks",
				);
				MACOSX_DEPLOYMENT_TARGET = 12.1;
				MARKETING_VERSION = 1.0;
				PRODUCT_BUNDLE_IDENTIFIER = io.kamaal.GameOfLife;
				PRODUCT_NAME = GameOfLife;
				SDKROOT = macosx;
				SWIFT_EMIT_LOC_STRINGS = YES;
				SWIFT_VERSION = 5.0;
			};
			name = Debug;
		};
		2CE4041F27C265240076D460 /* Release */ = {
			isa = XCBuildConfiguration;
			buildSettings = {
				ASSETCATALOG_COMPILER_APPICON_NAME = AppIcon;
				ASSETCATALOG_COMPILER_GLOBAL_ACCENT_COLOR_NAME = AccentColor;
				CODE_SIGN_ENTITLEMENTS = macOS/macOS.entitlements;
				CODE_SIGN_STYLE = Automatic;
				COMBINE_HIDPI_IMAGES = YES;
				CURRENT_PROJECT_VERSION = 1;
				DEVELOPMENT_TEAM = DXUKH9VF73;
				ENABLE_HARDENED_RUNTIME = YES;
				ENABLE_PREVIEWS = YES;
				GENERATE_INFOPLIST_FILE = YES;
				INFOPLIST_KEY_NSHumanReadableCopyright = "";
				LD_RUNPATH_SEARCH_PATHS = (
					"$(inherited)",
					"@executable_path/../Frameworks",
				);
				MACOSX_DEPLOYMENT_TARGET = 12.1;
				MARKETING_VERSION = 1.0;
				PRODUCT_BUNDLE_IDENTIFIER = io.kamaal.GameOfLife;
				PRODUCT_NAME = GameOfLife;
				SDKROOT = macosx;
				SWIFT_EMIT_LOC_STRINGS = YES;
				SWIFT_VERSION = 5.0;
			};
			name = Release;
		};
/* End XCBuildConfiguration section */

/* Begin XCConfigurationList section */
		2CE4040027C265180076D460 /* Build configuration list for PBXProject "GameOfLife" */ = {
			isa = XCConfigurationList;
			buildConfigurations = (
				2CE4041827C265240076D460 /* Debug */,
				2CE4041927C265240076D460 /* Release */,
			);
			defaultConfigurationIsVisible = 0;
			defaultConfigurationName = Release;
		};
		2CE4041A27C265240076D460 /* Build configuration list for PBXNativeTarget "GameOfLife (iOS)" */ = {
			isa = XCConfigurationList;
			buildConfigurations = (
				2CE4041B27C265240076D460 /* Debug */,
				2CE4041C27C265240076D460 /* Release */,
			);
			defaultConfigurationIsVisible = 0;
			defaultConfigurationName = Release;
		};
		2CE4041D27C265240076D460 /* Build configuration list for PBXNativeTarget "GameOfLife (macOS)" */ = {
			isa = XCConfigurationList;
			buildConfigurations = (
				2CE4041E27C265240076D460 /* Debug */,
				2CE4041F27C265240076D460 /* Release */,
			);
			defaultConfigurationIsVisible = 0;
			defaultConfigurationName = Release;
		};
/* End XCConfigurationList section */

/* Begin XCRemoteSwiftPackageReference section */
		2C4D6A1127C29D4800C700C3 /* XCRemoteSwiftPackageReference "ShrimpExtensions" */ = {
			isa = XCRemoteSwiftPackageReference;
			repositoryURL = "https://github.com/kamaal111/ShrimpExtensions.git";
			requirement = {
				kind = upToNextMajorVersion;
				minimumVersion = 2.0.0;
			};
		};
/* End XCRemoteSwiftPackageReference section */

/* Begin XCSwiftPackageProductDependency section */
		2C4D6A1227C29D4800C700C3 /* ShrimpExtensions */ = {
			isa = XCSwiftPackageProductDependency;
			package = 2C4D6A1127C29D4800C700C3 /* XCRemoteSwiftPackageReference "ShrimpExtensions" */;
			productName = ShrimpExtensions;
		};
		2C4D6A1427C29D5000C700C3 /* ShrimpExtensions */ = {
			isa = XCSwiftPackageProductDependency;
			package = 2C4D6A1127C29D4800C700C3 /* XCRemoteSwiftPackageReference "ShrimpExtensions" */;
			productName = ShrimpExtensions;
		};
/* End XCSwiftPackageProductDependency section */
	};
	rootObject = 2CE403FD27C265180076D460 /* Project object */;
}
