// !$*UTF8*$!
{
	archiveVersion = 1;
	classes = {
	};
	objectVersion = 55;
	objects = {

/* Begin PBXBuildFile section */
		2C0CB45F27CAAAE7000B2659 /* GameOfLifeApp.swift in Sources */ = {isa = PBXBuildFile; fileRef = 2C0CB44F27CAAADB000B2659 /* GameOfLifeApp.swift */; };
		2C0CB46027CAAAE7000B2659 /* GameOfLifeApp.swift in Sources */ = {isa = PBXBuildFile; fileRef = 2C0CB44F27CAAADB000B2659 /* GameOfLifeApp.swift */; };
		2C0CB46127CAAAE7000B2659 /* ContentView.swift in Sources */ = {isa = PBXBuildFile; fileRef = 2C0CB45027CAAADB000B2659 /* ContentView.swift */; };
		2C0CB46227CAAAE7000B2659 /* ContentView.swift in Sources */ = {isa = PBXBuildFile; fileRef = 2C0CB45027CAAADB000B2659 /* ContentView.swift */; };
		2C0CB46327CAAAE7000B2659 /* Assets.xcassets in Resources */ = {isa = PBXBuildFile; fileRef = 2C0CB45127CAAAE7000B2659 /* Assets.xcassets */; };
		2C0CB46427CAAAE7000B2659 /* Assets.xcassets in Resources */ = {isa = PBXBuildFile; fileRef = 2C0CB45127CAAAE7000B2659 /* Assets.xcassets */; };
		2C0CB46E27CAABEC000B2659 /* Constants.swift in Sources */ = {isa = PBXBuildFile; fileRef = 2C0CB46D27CAABEB000B2659 /* Constants.swift */; };
		2C0CB46F27CAABEC000B2659 /* Constants.swift in Sources */ = {isa = PBXBuildFile; fileRef = 2C0CB46D27CAABEB000B2659 /* Constants.swift */; };
		2C0CB47127CAAC0E000B2659 /* Universe.swift in Sources */ = {isa = PBXBuildFile; fileRef = 2C0CB47027CAAC0E000B2659 /* Universe.swift */; };
		2C0CB47227CAAC0E000B2659 /* Universe.swift in Sources */ = {isa = PBXBuildFile; fileRef = 2C0CB47027CAAC0E000B2659 /* Universe.swift */; };
		2C0CB47527CAAD01000B2659 /* ShrimpExtensions in Frameworks */ = {isa = PBXBuildFile; productRef = 2C0CB47427CAAD01000B2659 /* ShrimpExtensions */; };
		2C0CB47827CAAD09000B2659 /* ShrimpExtensions in Frameworks */ = {isa = PBXBuildFile; productRef = 2C0CB47727CAAD09000B2659 /* ShrimpExtensions */; };
		2C0CB47D27CAAD50000B2659 /* GridStack.swift in Sources */ = {isa = PBXBuildFile; fileRef = 2C0CB47C27CAAD50000B2659 /* GridStack.swift */; };
		2C0CB47E27CAAD50000B2659 /* GridStack.swift in Sources */ = {isa = PBXBuildFile; fileRef = 2C0CB47C27CAAD50000B2659 /* GridStack.swift */; };
		2C0CB48027CAB04F000B2659 /* CellView.swift in Sources */ = {isa = PBXBuildFile; fileRef = 2C0CB47F27CAB04F000B2659 /* CellView.swift */; };
		2C0CB48127CAB04F000B2659 /* CellView.swift in Sources */ = {isa = PBXBuildFile; fileRef = 2C0CB47F27CAB04F000B2659 /* CellView.swift */; };
		2C0CB48427CAB0A9000B2659 /* Simulation.swift in Sources */ = {isa = PBXBuildFile; fileRef = 2C0CB48327CAB0A9000B2659 /* Simulation.swift */; };
		2C0CB48527CAB0A9000B2659 /* Simulation.swift in Sources */ = {isa = PBXBuildFile; fileRef = 2C0CB48327CAB0A9000B2659 /* Simulation.swift */; };
		2C0CB48827CAB202000B2659 /* SalmonUI in Frameworks */ = {isa = PBXBuildFile; productRef = 2C0CB48727CAB202000B2659 /* SalmonUI */; };
		2C0CB48A27CAB209000B2659 /* SalmonUI in Frameworks */ = {isa = PBXBuildFile; productRef = 2C0CB48927CAB209000B2659 /* SalmonUI */; };
/* End PBXBuildFile section */

/* Begin PBXFileReference section */
		2C0CB44F27CAAADB000B2659 /* GameOfLifeApp.swift */ = {isa = PBXFileReference; lastKnownFileType = sourcecode.swift; path = GameOfLifeApp.swift; sourceTree = "<group>"; };
		2C0CB45027CAAADB000B2659 /* ContentView.swift */ = {isa = PBXFileReference; lastKnownFileType = sourcecode.swift; path = ContentView.swift; sourceTree = "<group>"; };
		2C0CB45127CAAAE7000B2659 /* Assets.xcassets */ = {isa = PBXFileReference; lastKnownFileType = folder.assetcatalog; path = Assets.xcassets; sourceTree = "<group>"; };
		2C0CB45627CAAAE7000B2659 /* GameOfLife.app */ = {isa = PBXFileReference; explicitFileType = wrapper.application; includeInIndex = 0; path = GameOfLife.app; sourceTree = BUILT_PRODUCTS_DIR; };
		2C0CB45C27CAAAE7000B2659 /* GameOfLife.app */ = {isa = PBXFileReference; explicitFileType = wrapper.application; includeInIndex = 0; path = GameOfLife.app; sourceTree = BUILT_PRODUCTS_DIR; };
		2C0CB45E27CAAAE7000B2659 /* macOS.entitlements */ = {isa = PBXFileReference; lastKnownFileType = text.plist.entitlements; path = macOS.entitlements; sourceTree = "<group>"; };
		2C0CB46D27CAABEB000B2659 /* Constants.swift */ = {isa = PBXFileReference; lastKnownFileType = sourcecode.swift; path = Constants.swift; sourceTree = "<group>"; };
		2C0CB47027CAAC0E000B2659 /* Universe.swift */ = {isa = PBXFileReference; lastKnownFileType = sourcecode.swift; path = Universe.swift; sourceTree = "<group>"; };
		2C0CB47C27CAAD50000B2659 /* GridStack.swift */ = {isa = PBXFileReference; lastKnownFileType = sourcecode.swift; path = GridStack.swift; sourceTree = "<group>"; };
		2C0CB47F27CAB04F000B2659 /* CellView.swift */ = {isa = PBXFileReference; lastKnownFileType = sourcecode.swift; path = CellView.swift; sourceTree = "<group>"; };
		2C0CB48327CAB0A9000B2659 /* Simulation.swift */ = {isa = PBXFileReference; lastKnownFileType = sourcecode.swift; path = Simulation.swift; sourceTree = "<group>"; };
/* End PBXFileReference section */

/* Begin PBXFrameworksBuildPhase section */
		2C0CB45327CAAAE7000B2659 /* Frameworks */ = {
			isa = PBXFrameworksBuildPhase;
			buildActionMask = 2147483647;
			files = (
				2C0CB48827CAB202000B2659 /* SalmonUI in Frameworks */,
				2C0CB47527CAAD01000B2659 /* ShrimpExtensions in Frameworks */,
			);
			runOnlyForDeploymentPostprocessing = 0;
		};
		2C0CB45927CAAAE7000B2659 /* Frameworks */ = {
			isa = PBXFrameworksBuildPhase;
			buildActionMask = 2147483647;
			files = (
				2C0CB48A27CAB209000B2659 /* SalmonUI in Frameworks */,
				2C0CB47827CAAD09000B2659 /* ShrimpExtensions in Frameworks */,
			);
			runOnlyForDeploymentPostprocessing = 0;
		};
/* End PBXFrameworksBuildPhase section */

/* Begin PBXGroup section */
		2C0CB44927CAAADB000B2659 = {
			isa = PBXGroup;
			children = (
				2C0CB47627CAAD09000B2659 /* Frameworks */,
				2C0CB45D27CAAAE7000B2659 /* macOS */,
				2C0CB45727CAAAE7000B2659 /* Products */,
				2C0CB44E27CAAADB000B2659 /* Shared */,
			);
			sourceTree = "<group>";
		};
		2C0CB44E27CAAADB000B2659 /* Shared */ = {
			isa = PBXGroup;
			children = (
				2C0CB46D27CAABEB000B2659 /* Constants.swift */,
				2C0CB45027CAAADB000B2659 /* ContentView.swift */,
				2C0CB44F27CAAADB000B2659 /* GameOfLifeApp.swift */,
				2C0CB45127CAAAE7000B2659 /* Assets.xcassets */,
				2C0CB48227CAB082000B2659 /* Models */,
				2C0CB47927CAAD2A000B2659 /* Views */,
			);
			path = Shared;
			sourceTree = "<group>";
		};
		2C0CB45727CAAAE7000B2659 /* Products */ = {
			isa = PBXGroup;
			children = (
				2C0CB45627CAAAE7000B2659 /* GameOfLife.app */,
				2C0CB45C27CAAAE7000B2659 /* GameOfLife.app */,
			);
			name = Products;
			sourceTree = "<group>";
		};
		2C0CB45D27CAAAE7000B2659 /* macOS */ = {
			isa = PBXGroup;
			children = (
				2C0CB45E27CAAAE7000B2659 /* macOS.entitlements */,
			);
			path = macOS;
			sourceTree = "<group>";
		};
		2C0CB47627CAAD09000B2659 /* Frameworks */ = {
			isa = PBXGroup;
			children = (
			);
			name = Frameworks;
			sourceTree = "<group>";
		};
		2C0CB47927CAAD2A000B2659 /* Views */ = {
			isa = PBXGroup;
			children = (
				2C0CB47B27CAAD36000B2659 /* SupportingViews */,
			);
			path = Views;
			sourceTree = "<group>";
		};
		2C0CB47B27CAAD36000B2659 /* SupportingViews */ = {
			isa = PBXGroup;
			children = (
				2C0CB47F27CAB04F000B2659 /* CellView.swift */,
				2C0CB47C27CAAD50000B2659 /* GridStack.swift */,
			);
			path = SupportingViews;
			sourceTree = "<group>";
		};
		2C0CB48227CAB082000B2659 /* Models */ = {
			isa = PBXGroup;
			children = (
				2C0CB48327CAB0A9000B2659 /* Simulation.swift */,
				2C0CB47027CAAC0E000B2659 /* Universe.swift */,
			);
			path = Models;
			sourceTree = "<group>";
		};
/* End PBXGroup section */

/* Begin PBXNativeTarget section */
		2C0CB45527CAAAE7000B2659 /* GameOfLife (iOS) */ = {
			isa = PBXNativeTarget;
			buildConfigurationList = 2C0CB46727CAAAE7000B2659 /* Build configuration list for PBXNativeTarget "GameOfLife (iOS)" */;
			buildPhases = (
				2C0CB45227CAAAE7000B2659 /* Sources */,
				2C0CB45327CAAAE7000B2659 /* Frameworks */,
				2C0CB45427CAAAE7000B2659 /* Resources */,
			);
			buildRules = (
			);
			dependencies = (
			);
			name = "GameOfLife (iOS)";
			packageProductDependencies = (
				2C0CB47427CAAD01000B2659 /* ShrimpExtensions */,
				2C0CB48727CAB202000B2659 /* SalmonUI */,
			);
			productName = "GameOfLife (iOS)";
			productReference = 2C0CB45627CAAAE7000B2659 /* GameOfLife.app */;
			productType = "com.apple.product-type.application";
		};
		2C0CB45B27CAAAE7000B2659 /* GameOfLife (macOS) */ = {
			isa = PBXNativeTarget;
			buildConfigurationList = 2C0CB46A27CAAAE7000B2659 /* Build configuration list for PBXNativeTarget "GameOfLife (macOS)" */;
			buildPhases = (
				2C0CB45827CAAAE7000B2659 /* Sources */,
				2C0CB45927CAAAE7000B2659 /* Frameworks */,
				2C0CB45A27CAAAE7000B2659 /* Resources */,
			);
			buildRules = (
			);
			dependencies = (
			);
			name = "GameOfLife (macOS)";
			packageProductDependencies = (
				2C0CB47727CAAD09000B2659 /* ShrimpExtensions */,
				2C0CB48927CAB209000B2659 /* SalmonUI */,
			);
			productName = "GameOfLife (macOS)";
			productReference = 2C0CB45C27CAAAE7000B2659 /* GameOfLife.app */;
			productType = "com.apple.product-type.application";
		};
/* End PBXNativeTarget section */

/* Begin PBXProject section */
		2C0CB44A27CAAADB000B2659 /* Project object */ = {
			isa = PBXProject;
			attributes = {
				BuildIndependentTargetsInParallel = 1;
				LastSwiftUpdateCheck = 1320;
				LastUpgradeCheck = 1320;
				TargetAttributes = {
					2C0CB45527CAAAE7000B2659 = {
						CreatedOnToolsVersion = 13.2.1;
					};
					2C0CB45B27CAAAE7000B2659 = {
						CreatedOnToolsVersion = 13.2.1;
					};
				};
			};
			buildConfigurationList = 2C0CB44D27CAAADB000B2659 /* Build configuration list for PBXProject "GameOfLife" */;
			compatibilityVersion = "Xcode 13.0";
			developmentRegion = en;
			hasScannedForEncodings = 0;
			knownRegions = (
				en,
				Base,
			);
			mainGroup = 2C0CB44927CAAADB000B2659;
			packageReferences = (
				2C0CB47327CAAD01000B2659 /* XCRemoteSwiftPackageReference "ShrimpExtensions" */,
				2C0CB48627CAB202000B2659 /* XCRemoteSwiftPackageReference "SalmonUI" */,
			);
			productRefGroup = 2C0CB45727CAAAE7000B2659 /* Products */;
			projectDirPath = "";
			projectRoot = "";
			targets = (
				2C0CB45527CAAAE7000B2659 /* GameOfLife (iOS) */,
				2C0CB45B27CAAAE7000B2659 /* GameOfLife (macOS) */,
			);
		};
/* End PBXProject section */

/* Begin PBXResourcesBuildPhase section */
		2C0CB45427CAAAE7000B2659 /* Resources */ = {
			isa = PBXResourcesBuildPhase;
			buildActionMask = 2147483647;
			files = (
				2C0CB46327CAAAE7000B2659 /* Assets.xcassets in Resources */,
			);
			runOnlyForDeploymentPostprocessing = 0;
		};
		2C0CB45A27CAAAE7000B2659 /* Resources */ = {
			isa = PBXResourcesBuildPhase;
			buildActionMask = 2147483647;
			files = (
				2C0CB46427CAAAE7000B2659 /* Assets.xcassets in Resources */,
			);
			runOnlyForDeploymentPostprocessing = 0;
		};
/* End PBXResourcesBuildPhase section */

/* Begin PBXSourcesBuildPhase section */
		2C0CB45227CAAAE7000B2659 /* Sources */ = {
			isa = PBXSourcesBuildPhase;
			buildActionMask = 2147483647;
			files = (
				2C0CB47D27CAAD50000B2659 /* GridStack.swift in Sources */,
				2C0CB46127CAAAE7000B2659 /* ContentView.swift in Sources */,
				2C0CB48027CAB04F000B2659 /* CellView.swift in Sources */,
				2C0CB45F27CAAAE7000B2659 /* GameOfLifeApp.swift in Sources */,
				2C0CB48427CAB0A9000B2659 /* Simulation.swift in Sources */,
				2C0CB47127CAAC0E000B2659 /* Universe.swift in Sources */,
				2C0CB46E27CAABEC000B2659 /* Constants.swift in Sources */,
			);
			runOnlyForDeploymentPostprocessing = 0;
		};
		2C0CB45827CAAAE7000B2659 /* Sources */ = {
			isa = PBXSourcesBuildPhase;
			buildActionMask = 2147483647;
			files = (
				2C0CB47E27CAAD50000B2659 /* GridStack.swift in Sources */,
				2C0CB46227CAAAE7000B2659 /* ContentView.swift in Sources */,
				2C0CB48127CAB04F000B2659 /* CellView.swift in Sources */,
				2C0CB46027CAAAE7000B2659 /* GameOfLifeApp.swift in Sources */,
				2C0CB48527CAB0A9000B2659 /* Simulation.swift in Sources */,
				2C0CB47227CAAC0E000B2659 /* Universe.swift in Sources */,
				2C0CB46F27CAABEC000B2659 /* Constants.swift in Sources */,
			);
			runOnlyForDeploymentPostprocessing = 0;
		};
/* End PBXSourcesBuildPhase section */

/* Begin XCBuildConfiguration section */
		2C0CB46527CAAAE7000B2659 /* Debug */ = {
			isa = XCBuildConfiguration;
			buildSettings = {
				ALWAYS_SEARCH_USER_PATHS = NO;
				CLANG_ANALYZER_NONNULL = YES;
				CLANG_ANALYZER_NUMBER_OBJECT_CONVERSION = YES_AGGRESSIVE;
				CLANG_CXX_LANGUAGE_STANDARD = "gnu++17";
				CLANG_CXX_LIBRARY = "libc++";
				CLANG_ENABLE_MODULES = YES;
				CLANG_ENABLE_OBJC_ARC = YES;
				CLANG_ENABLE_OBJC_WEAK = YES;
				CLANG_WARN_BLOCK_CAPTURE_AUTORELEASING = YES;
				CLANG_WARN_BOOL_CONVERSION = YES;
				CLANG_WARN_COMMA = YES;
				CLANG_WARN_CONSTANT_CONVERSION = YES;
				CLANG_WARN_DEPRECATED_OBJC_IMPLEMENTATIONS = YES;
				CLANG_WARN_DIRECT_OBJC_ISA_USAGE = YES_ERROR;
				CLANG_WARN_DOCUMENTATION_COMMENTS = YES;
				CLANG_WARN_EMPTY_BODY = YES;
				CLANG_WARN_ENUM_CONVERSION = YES;
				CLANG_WARN_INFINITE_RECURSION = YES;
				CLANG_WARN_INT_CONVERSION = YES;
				CLANG_WARN_NON_LITERAL_NULL_CONVERSION = YES;
				CLANG_WARN_OBJC_IMPLICIT_RETAIN_SELF = YES;
				CLANG_WARN_OBJC_LITERAL_CONVERSION = YES;
				CLANG_WARN_OBJC_ROOT_CLASS = YES_ERROR;
				CLANG_WARN_QUOTED_INCLUDE_IN_FRAMEWORK_HEADER = YES;
				CLANG_WARN_RANGE_LOOP_ANALYSIS = YES;
				CLANG_WARN_STRICT_PROTOTYPES = YES;
				CLANG_WARN_SUSPICIOUS_MOVE = YES;
				CLANG_WARN_UNGUARDED_AVAILABILITY = YES_AGGRESSIVE;
				CLANG_WARN_UNREACHABLE_CODE = YES;
				CLANG_WARN__DUPLICATE_METHOD_MATCH = YES;
				COPY_PHASE_STRIP = NO;
				DEBUG_INFORMATION_FORMAT = dwarf;
				ENABLE_STRICT_OBJC_MSGSEND = YES;
				ENABLE_TESTABILITY = YES;
				GCC_C_LANGUAGE_STANDARD = gnu11;
				GCC_DYNAMIC_NO_PIC = NO;
				GCC_NO_COMMON_BLOCKS = YES;
				GCC_OPTIMIZATION_LEVEL = 0;
				GCC_PREPROCESSOR_DEFINITIONS = (
					"DEBUG=1",
					"$(inherited)",
				);
				GCC_WARN_64_TO_32_BIT_CONVERSION = YES;
				GCC_WARN_ABOUT_RETURN_TYPE = YES_ERROR;
				GCC_WARN_UNDECLARED_SELECTOR = YES;
				GCC_WARN_UNINITIALIZED_AUTOS = YES_AGGRESSIVE;
				GCC_WARN_UNUSED_FUNCTION = YES;
				GCC_WARN_UNUSED_VARIABLE = YES;
				MTL_ENABLE_DEBUG_INFO = INCLUDE_SOURCE;
				MTL_FAST_MATH = YES;
				ONLY_ACTIVE_ARCH = YES;
				SWIFT_ACTIVE_COMPILATION_CONDITIONS = DEBUG;
				SWIFT_OPTIMIZATION_LEVEL = "-Onone";
			};
			name = Debug;
		};
		2C0CB46627CAAAE7000B2659 /* Release */ = {
			isa = XCBuildConfiguration;
			buildSettings = {
				ALWAYS_SEARCH_USER_PATHS = NO;
				CLANG_ANALYZER_NONNULL = YES;
				CLANG_ANALYZER_NUMBER_OBJECT_CONVERSION = YES_AGGRESSIVE;
				CLANG_CXX_LANGUAGE_STANDARD = "gnu++17";
				CLANG_CXX_LIBRARY = "libc++";
				CLANG_ENABLE_MODULES = YES;
				CLANG_ENABLE_OBJC_ARC = YES;
				CLANG_ENABLE_OBJC_WEAK = YES;
				CLANG_WARN_BLOCK_CAPTURE_AUTORELEASING = YES;
				CLANG_WARN_BOOL_CONVERSION = YES;
				CLANG_WARN_COMMA = YES;
				CLANG_WARN_CONSTANT_CONVERSION = YES;
				CLANG_WARN_DEPRECATED_OBJC_IMPLEMENTATIONS = YES;
				CLANG_WARN_DIRECT_OBJC_ISA_USAGE = YES_ERROR;
				CLANG_WARN_DOCUMENTATION_COMMENTS = YES;
				CLANG_WARN_EMPTY_BODY = YES;
				CLANG_WARN_ENUM_CONVERSION = YES;
				CLANG_WARN_INFINITE_RECURSION = YES;
				CLANG_WARN_INT_CONVERSION = YES;
				CLANG_WARN_NON_LITERAL_NULL_CONVERSION = YES;
				CLANG_WARN_OBJC_IMPLICIT_RETAIN_SELF = YES;
				CLANG_WARN_OBJC_LITERAL_CONVERSION = YES;
				CLANG_WARN_OBJC_ROOT_CLASS = YES_ERROR;
				CLANG_WARN_QUOTED_INCLUDE_IN_FRAMEWORK_HEADER = YES;
				CLANG_WARN_RANGE_LOOP_ANALYSIS = YES;
				CLANG_WARN_STRICT_PROTOTYPES = YES;
				CLANG_WARN_SUSPICIOUS_MOVE = YES;
				CLANG_WARN_UNGUARDED_AVAILABILITY = YES_AGGRESSIVE;
				CLANG_WARN_UNREACHABLE_CODE = YES;
				CLANG_WARN__DUPLICATE_METHOD_MATCH = YES;
				COPY_PHASE_STRIP = NO;
				DEBUG_INFORMATION_FORMAT = "dwarf-with-dsym";
				ENABLE_NS_ASSERTIONS = NO;
				ENABLE_STRICT_OBJC_MSGSEND = YES;
				GCC_C_LANGUAGE_STANDARD = gnu11;
				GCC_NO_COMMON_BLOCKS = YES;
				GCC_WARN_64_TO_32_BIT_CONVERSION = YES;
				GCC_WARN_ABOUT_RETURN_TYPE = YES_ERROR;
				GCC_WARN_UNDECLARED_SELECTOR = YES;
				GCC_WARN_UNINITIALIZED_AUTOS = YES_AGGRESSIVE;
				GCC_WARN_UNUSED_FUNCTION = YES;
				GCC_WARN_UNUSED_VARIABLE = YES;
				MTL_ENABLE_DEBUG_INFO = NO;
				MTL_FAST_MATH = YES;
				SWIFT_COMPILATION_MODE = wholemodule;
				SWIFT_OPTIMIZATION_LEVEL = "-O";
			};
			name = Release;
		};
		2C0CB46827CAAAE7000B2659 /* Debug */ = {
			isa = XCBuildConfiguration;
			buildSettings = {
				ASSETCATALOG_COMPILER_APPICON_NAME = AppIcon;
				ASSETCATALOG_COMPILER_GLOBAL_ACCENT_COLOR_NAME = AccentColor;
				CODE_SIGN_STYLE = Automatic;
				CURRENT_PROJECT_VERSION = 1;
				DEVELOPMENT_TEAM = DXUKH9VF73;
				ENABLE_PREVIEWS = YES;
				GENERATE_INFOPLIST_FILE = YES;
				INFOPLIST_KEY_UIApplicationSceneManifest_Generation = YES;
				INFOPLIST_KEY_UIApplicationSupportsIndirectInputEvents = YES;
				INFOPLIST_KEY_UILaunchScreen_Generation = YES;
				INFOPLIST_KEY_UISupportedInterfaceOrientations_iPad = "UIInterfaceOrientationPortrait UIInterfaceOrientationPortraitUpsideDown UIInterfaceOrientationLandscapeLeft UIInterfaceOrientationLandscapeRight";
				INFOPLIST_KEY_UISupportedInterfaceOrientations_iPhone = "UIInterfaceOrientationPortrait UIInterfaceOrientationLandscapeLeft UIInterfaceOrientationLandscapeRight";
				IPHONEOS_DEPLOYMENT_TARGET = 15.2;
				LD_RUNPATH_SEARCH_PATHS = (
					"$(inherited)",
					"@executable_path/Frameworks",
				);
				MARKETING_VERSION = 1.0;
				PRODUCT_BUNDLE_IDENTIFIER = io.kamaal.GameOfLife;
				PRODUCT_NAME = GameOfLife;
				SDKROOT = iphoneos;
				SWIFT_EMIT_LOC_STRINGS = YES;
				SWIFT_VERSION = 5.0;
				TARGETED_DEVICE_FAMILY = "1,2";
			};
			name = Debug;
		};
		2C0CB46927CAAAE7000B2659 /* Release */ = {
			isa = XCBuildConfiguration;
			buildSettings = {
				ASSETCATALOG_COMPILER_APPICON_NAME = AppIcon;
				ASSETCATALOG_COMPILER_GLOBAL_ACCENT_COLOR_NAME = AccentColor;
				CODE_SIGN_STYLE = Automatic;
				CURRENT_PROJECT_VERSION = 1;
				DEVELOPMENT_TEAM = DXUKH9VF73;
				ENABLE_PREVIEWS = YES;
				GENERATE_INFOPLIST_FILE = YES;
				INFOPLIST_KEY_UIApplicationSceneManifest_Generation = YES;
				INFOPLIST_KEY_UIApplicationSupportsIndirectInputEvents = YES;
				INFOPLIST_KEY_UILaunchScreen_Generation = YES;
				INFOPLIST_KEY_UISupportedInterfaceOrientations_iPad = "UIInterfaceOrientationPortrait UIInterfaceOrientationPortraitUpsideDown UIInterfaceOrientationLandscapeLeft UIInterfaceOrientationLandscapeRight";
				INFOPLIST_KEY_UISupportedInterfaceOrientations_iPhone = "UIInterfaceOrientationPortrait UIInterfaceOrientationLandscapeLeft UIInterfaceOrientationLandscapeRight";
				IPHONEOS_DEPLOYMENT_TARGET = 15.2;
				LD_RUNPATH_SEARCH_PATHS = (
					"$(inherited)",
					"@executable_path/Frameworks",
				);
				MARKETING_VERSION = 1.0;
				PRODUCT_BUNDLE_IDENTIFIER = io.kamaal.GameOfLife;
				PRODUCT_NAME = GameOfLife;
				SDKROOT = iphoneos;
				SWIFT_EMIT_LOC_STRINGS = YES;
				SWIFT_VERSION = 5.0;
				TARGETED_DEVICE_FAMILY = "1,2";
				VALIDATE_PRODUCT = YES;
			};
			name = Release;
		};
		2C0CB46B27CAAAE7000B2659 /* Debug */ = {
			isa = XCBuildConfiguration;
			buildSettings = {
				ASSETCATALOG_COMPILER_APPICON_NAME = AppIcon;
				ASSETCATALOG_COMPILER_GLOBAL_ACCENT_COLOR_NAME = AccentColor;
				CODE_SIGN_ENTITLEMENTS = macOS/macOS.entitlements;
				CODE_SIGN_STYLE = Automatic;
				COMBINE_HIDPI_IMAGES = YES;
				CURRENT_PROJECT_VERSION = 1;
				DEVELOPMENT_TEAM = DXUKH9VF73;
				ENABLE_HARDENED_RUNTIME = YES;
				ENABLE_PREVIEWS = YES;
				GENERATE_INFOPLIST_FILE = YES;
				INFOPLIST_KEY_NSHumanReadableCopyright = "";
				LD_RUNPATH_SEARCH_PATHS = (
					"$(inherited)",
					"@executable_path/../Frameworks",
				);
				MACOSX_DEPLOYMENT_TARGET = 12.1;
				MARKETING_VERSION = 1.0;
				PRODUCT_BUNDLE_IDENTIFIER = io.kamaal.GameOfLife;
				PRODUCT_NAME = GameOfLife;
				SDKROOT = macosx;
				SWIFT_EMIT_LOC_STRINGS = YES;
				SWIFT_VERSION = 5.0;
			};
			name = Debug;
		};
		2C0CB46C27CAAAE7000B2659 /* Release */ = {
			isa = XCBuildConfiguration;
			buildSettings = {
				ASSETCATALOG_COMPILER_APPICON_NAME = AppIcon;
				ASSETCATALOG_COMPILER_GLOBAL_ACCENT_COLOR_NAME = AccentColor;
				CODE_SIGN_ENTITLEMENTS = macOS/macOS.entitlements;
				CODE_SIGN_STYLE = Automatic;
				COMBINE_HIDPI_IMAGES = YES;
				CURRENT_PROJECT_VERSION = 1;
				DEVELOPMENT_TEAM = DXUKH9VF73;
				ENABLE_HARDENED_RUNTIME = YES;
				ENABLE_PREVIEWS = YES;
				GENERATE_INFOPLIST_FILE = YES;
				INFOPLIST_KEY_NSHumanReadableCopyright = "";
				LD_RUNPATH_SEARCH_PATHS = (
					"$(inherited)",
					"@executable_path/../Frameworks",
				);
				MACOSX_DEPLOYMENT_TARGET = 12.1;
				MARKETING_VERSION = 1.0;
				PRODUCT_BUNDLE_IDENTIFIER = io.kamaal.GameOfLife;
				PRODUCT_NAME = GameOfLife;
				SDKROOT = macosx;
				SWIFT_EMIT_LOC_STRINGS = YES;
				SWIFT_VERSION = 5.0;
			};
			name = Release;
		};
/* End XCBuildConfiguration section */

/* Begin XCConfigurationList section */
		2C0CB44D27CAAADB000B2659 /* Build configuration list for PBXProject "GameOfLife" */ = {
			isa = XCConfigurationList;
			buildConfigurations = (
				2C0CB46527CAAAE7000B2659 /* Debug */,
				2C0CB46627CAAAE7000B2659 /* Release */,
			);
			defaultConfigurationIsVisible = 0;
			defaultConfigurationName = Release;
		};
		2C0CB46727CAAAE7000B2659 /* Build configuration list for PBXNativeTarget "GameOfLife (iOS)" */ = {
			isa = XCConfigurationList;
			buildConfigurations = (
				2C0CB46827CAAAE7000B2659 /* Debug */,
				2C0CB46927CAAAE7000B2659 /* Release */,
			);
			defaultConfigurationIsVisible = 0;
			defaultConfigurationName = Release;
		};
		2C0CB46A27CAAAE7000B2659 /* Build configuration list for PBXNativeTarget "GameOfLife (macOS)" */ = {
			isa = XCConfigurationList;
			buildConfigurations = (
				2C0CB46B27CAAAE7000B2659 /* Debug */,
				2C0CB46C27CAAAE7000B2659 /* Release */,
			);
			defaultConfigurationIsVisible = 0;
			defaultConfigurationName = Release;
		};
/* End XCConfigurationList section */

/* Begin XCRemoteSwiftPackageReference section */
		2C0CB47327CAAD01000B2659 /* XCRemoteSwiftPackageReference "ShrimpExtensions" */ = {
			isa = XCRemoteSwiftPackageReference;
			repositoryURL = "https://github.com/kamaal111/ShrimpExtensions.git";
			requirement = {
				kind = upToNextMajorVersion;
				minimumVersion = 2.0.0;
			};
		};
		2C0CB48627CAB202000B2659 /* XCRemoteSwiftPackageReference "SalmonUI" */ = {
			isa = XCRemoteSwiftPackageReference;
			repositoryURL = "https://github.com/kamaal111/SalmonUI.git";
			requirement = {
				kind = upToNextMajorVersion;
				minimumVersion = 4.0.0;
			};
		};
/* End XCRemoteSwiftPackageReference section */

/* Begin XCSwiftPackageProductDependency section */
		2C0CB47427CAAD01000B2659 /* ShrimpExtensions */ = {
			isa = XCSwiftPackageProductDependency;
			package = 2C0CB47327CAAD01000B2659 /* XCRemoteSwiftPackageReference "ShrimpExtensions" */;
			productName = ShrimpExtensions;
		};
		2C0CB47727CAAD09000B2659 /* ShrimpExtensions */ = {
			isa = XCSwiftPackageProductDependency;
			package = 2C0CB47327CAAD01000B2659 /* XCRemoteSwiftPackageReference "ShrimpExtensions" */;
			productName = ShrimpExtensions;
		};
		2C0CB48727CAB202000B2659 /* SalmonUI */ = {
			isa = XCSwiftPackageProductDependency;
			package = 2C0CB48627CAB202000B2659 /* XCRemoteSwiftPackageReference "SalmonUI" */;
			productName = SalmonUI;
		};
		2C0CB48927CAB209000B2659 /* SalmonUI */ = {
			isa = XCSwiftPackageProductDependency;
			package = 2C0CB48627CAB202000B2659 /* XCRemoteSwiftPackageReference "SalmonUI" */;
			productName = SalmonUI;
		};
/* End XCSwiftPackageProductDependency section */
	};
	rootObject = 2C0CB44A27CAAADB000B2659 /* Project object */;
}
